// !$*UTF8*$!
{
	archiveVersion = 1;
	classes = {
	};
	objectVersion = 46;
	objects = {

/* Begin PBXBuildFile section */
		23B02F3A1D61B47E00EA1F23 /* AppDelegate.swift in Sources */ = {isa = PBXBuildFile; fileRef = 23B02F391D61B47E00EA1F23 /* AppDelegate.swift */; };
		23B02F3C1D61B47E00EA1F23 /* ViewController.swift in Sources */ = {isa = PBXBuildFile; fileRef = 23B02F3B1D61B47E00EA1F23 /* ViewController.swift */; };
		23B02F3F1D61B47E00EA1F23 /* Main.storyboard in Resources */ = {isa = PBXBuildFile; fileRef = 23B02F3D1D61B47E00EA1F23 /* Main.storyboard */; };
		23B02F411D61B47E00EA1F23 /* Assets.xcassets in Resources */ = {isa = PBXBuildFile; fileRef = 23B02F401D61B47E00EA1F23 /* Assets.xcassets */; };
		23B02F441D61B47E00EA1F23 /* LaunchScreen.storyboard in Resources */ = {isa = PBXBuildFile; fileRef = 23B02F421D61B47E00EA1F23 /* LaunchScreen.storyboard */; };
		23B02F4F1D61B47E00EA1F23 /* KitchenTabBarTests.swift in Sources */ = {isa = PBXBuildFile; fileRef = 23B02F4E1D61B47E00EA1F23 /* KitchenTabBarTests.swift */; };
		23B02F5A1D61B47E00EA1F23 /* KitchenTabBarUITests.swift in Sources */ = {isa = PBXBuildFile; fileRef = 23B02F591D61B47E00EA1F23 /* KitchenTabBarUITests.swift */; };
		23B02F681D61B4CD00EA1F23 /* Control.json in Resources */ = {isa = PBXBuildFile; fileRef = 23B02F671D61B4CD00EA1F23 /* Control.json */; };
		23B02F6A1D61B51A00EA1F23 /* MainTabBarViewController.swift in Sources */ = {isa = PBXBuildFile; fileRef = 23B02F691D61B51A00EA1F23 /* MainTabBarViewController.swift */; };
		23B02F6C1D61B55300EA1F23 /* CookBookViewController.swift in Sources */ = {isa = PBXBuildFile; fileRef = 23B02F6B1D61B55300EA1F23 /* CookBookViewController.swift */; };
		23B02F6E1D61B57900EA1F23 /* CommunityViewController.swift in Sources */ = {isa = PBXBuildFile; fileRef = 23B02F6D1D61B57900EA1F23 /* CommunityViewController.swift */; };
		23B02F701D61B58D00EA1F23 /* MallViewController.swift in Sources */ = {isa = PBXBuildFile; fileRef = 23B02F6F1D61B58D00EA1F23 /* MallViewController.swift */; };
		23B02F721D61B59D00EA1F23 /* FoodClassViewController.swift in Sources */ = {isa = PBXBuildFile; fileRef = 23B02F711D61B59D00EA1F23 /* FoodClassViewController.swift */; };
		23B02F741D61B5AA00EA1F23 /* ProfileViewController.swift in Sources */ = {isa = PBXBuildFile; fileRef = 23B02F731D61B5AA00EA1F23 /* ProfileViewController.swift */; };
/* End PBXBuildFile section */

/* Begin PBXContainerItemProxy section */
		23B02F4B1D61B47E00EA1F23 /* PBXContainerItemProxy */ = {
			isa = PBXContainerItemProxy;
			containerPortal = 23B02F2E1D61B47E00EA1F23 /* Project object */;
			proxyType = 1;
			remoteGlobalIDString = 23B02F351D61B47E00EA1F23;
			remoteInfo = KitchenTabBar;
		};
		23B02F561D61B47E00EA1F23 /* PBXContainerItemProxy */ = {
			isa = PBXContainerItemProxy;
			containerPortal = 23B02F2E1D61B47E00EA1F23 /* Project object */;
			proxyType = 1;
			remoteGlobalIDString = 23B02F351D61B47E00EA1F23;
			remoteInfo = KitchenTabBar;
		};
/* End PBXContainerItemProxy section */

/* Begin PBXFileReference section */
		23B02F361D61B47E00EA1F23 /* KitchenTabBar.app */ = {isa = PBXFileReference; explicitFileType = wrapper.application; includeInIndex = 0; path = KitchenTabBar.app; sourceTree = BUILT_PRODUCTS_DIR; };
		23B02F391D61B47E00EA1F23 /* AppDelegate.swift */ = {isa = PBXFileReference; lastKnownFileType = sourcecode.swift; path = AppDelegate.swift; sourceTree = "<group>"; };
		23B02F3B1D61B47E00EA1F23 /* ViewController.swift */ = {isa = PBXFileReference; lastKnownFileType = sourcecode.swift; path = ViewController.swift; sourceTree = "<group>"; };
		23B02F3E1D61B47E00EA1F23 /* Base */ = {isa = PBXFileReference; lastKnownFileType = file.storyboard; name = Base; path = Base.lproj/Main.storyboard; sourceTree = "<group>"; };
		23B02F401D61B47E00EA1F23 /* Assets.xcassets */ = {isa = PBXFileReference; lastKnownFileType = folder.assetcatalog; path = Assets.xcassets; sourceTree = "<group>"; };
		23B02F431D61B47E00EA1F23 /* Base */ = {isa = PBXFileReference; lastKnownFileType = file.storyboard; name = Base; path = Base.lproj/LaunchScreen.storyboard; sourceTree = "<group>"; };
		23B02F451D61B47E00EA1F23 /* Info.plist */ = {isa = PBXFileReference; lastKnownFileType = text.plist.xml; path = Info.plist; sourceTree = "<group>"; };
		23B02F4A1D61B47E00EA1F23 /* KitchenTabBarTests.xctest */ = {isa = PBXFileReference; explicitFileType = wrapper.cfbundle; includeInIndex = 0; path = KitchenTabBarTests.xctest; sourceTree = BUILT_PRODUCTS_DIR; };
		23B02F4E1D61B47E00EA1F23 /* KitchenTabBarTests.swift */ = {isa = PBXFileReference; lastKnownFileType = sourcecode.swift; path = KitchenTabBarTests.swift; sourceTree = "<group>"; };
		23B02F501D61B47E00EA1F23 /* Info.plist */ = {isa = PBXFileReference; lastKnownFileType = text.plist.xml; path = Info.plist; sourceTree = "<group>"; };
		23B02F551D61B47E00EA1F23 /* KitchenTabBarUITests.xctest */ = {isa = PBXFileReference; explicitFileType = wrapper.cfbundle; includeInIndex = 0; path = KitchenTabBarUITests.xctest; sourceTree = BUILT_PRODUCTS_DIR; };
		23B02F591D61B47E00EA1F23 /* KitchenTabBarUITests.swift */ = {isa = PBXFileReference; lastKnownFileType = sourcecode.swift; path = KitchenTabBarUITests.swift; sourceTree = "<group>"; };
		23B02F5B1D61B47E00EA1F23 /* Info.plist */ = {isa = PBXFileReference; lastKnownFileType = text.plist.xml; path = Info.plist; sourceTree = "<group>"; };
		23B02F671D61B4CD00EA1F23 /* Control.json */ = {isa = PBXFileReference; fileEncoding = 4; lastKnownFileType = text.json; path = Control.json; sourceTree = "<group>"; };
		23B02F691D61B51A00EA1F23 /* MainTabBarViewController.swift */ = {isa = PBXFileReference; fileEncoding = 4; lastKnownFileType = sourcecode.swift; path = MainTabBarViewController.swift; sourceTree = "<group>"; };
		23B02F6B1D61B55300EA1F23 /* CookBookViewController.swift */ = {isa = PBXFileReference; fileEncoding = 4; lastKnownFileType = sourcecode.swift; path = CookBookViewController.swift; sourceTree = "<group>"; };
		23B02F6D1D61B57900EA1F23 /* CommunityViewController.swift */ = {isa = PBXFileReference; fileEncoding = 4; lastKnownFileType = sourcecode.swift; path = CommunityViewController.swift; sourceTree = "<group>"; };
		23B02F6F1D61B58D00EA1F23 /* MallViewController.swift */ = {isa = PBXFileReference; fileEncoding = 4; lastKnownFileType = sourcecode.swift; name = MallViewController.swift; path = ../MallViewController.swift; sourceTree = "<group>"; };
		23B02F711D61B59D00EA1F23 /* FoodClassViewController.swift */ = {isa = PBXFileReference; fileEncoding = 4; lastKnownFileType = sourcecode.swift; path = FoodClassViewController.swift; sourceTree = "<group>"; };
		23B02F731D61B5AA00EA1F23 /* ProfileViewController.swift */ = {isa = PBXFileReference; fileEncoding = 4; lastKnownFileType = sourcecode.swift; name = ProfileViewController.swift; path = ../ProfileViewController.swift; sourceTree = "<group>"; };
/* End PBXFileReference section */

/* Begin PBXFrameworksBuildPhase section */
		23B02F331D61B47E00EA1F23 /* Frameworks */ = {
			isa = PBXFrameworksBuildPhase;
			buildActionMask = 2147483647;
			files = (
			);
			runOnlyForDeploymentPostprocessing = 0;
		};
		23B02F471D61B47E00EA1F23 /* Frameworks */ = {
			isa = PBXFrameworksBuildPhase;
			buildActionMask = 2147483647;
			files = (
			);
			runOnlyForDeploymentPostprocessing = 0;
		};
		23B02F521D61B47E00EA1F23 /* Frameworks */ = {
			isa = PBXFrameworksBuildPhase;
			buildActionMask = 2147483647;
			files = (
			);
			runOnlyForDeploymentPostprocessing = 0;
		};
/* End PBXFrameworksBuildPhase section */

/* Begin PBXGroup section */
		23B02F2D1D61B47E00EA1F23 = {
			isa = PBXGroup;
			children = (
				23B02F381D61B47E00EA1F23 /* KitchenTabBar */,
				23B02F4D1D61B47E00EA1F23 /* KitchenTabBarTests */,
				23B02F581D61B47E00EA1F23 /* KitchenTabBarUITests */,
				23B02F371D61B47E00EA1F23 /* Products */,
			);
			sourceTree = "<group>";
		};
		23B02F371D61B47E00EA1F23 /* Products */ = {
			isa = PBXGroup;
			children = (
				23B02F361D61B47E00EA1F23 /* KitchenTabBar.app */,
				23B02F4A1D61B47E00EA1F23 /* KitchenTabBarTests.xctest */,
				23B02F551D61B47E00EA1F23 /* KitchenTabBarUITests.xctest */,
			);
			name = Products;
			sourceTree = "<group>";
		};
		23B02F381D61B47E00EA1F23 /* KitchenTabBar */ = {
			isa = PBXGroup;
			children = (
				23B02F391D61B47E00EA1F23 /* AppDelegate.swift */,
				23B02F3B1D61B47E00EA1F23 /* ViewController.swift */,
				23B02F691D61B51A00EA1F23 /* MainTabBarViewController.swift */,
				23B02F6B1D61B55300EA1F23 /* CookBookViewController.swift */,
				23B02F6D1D61B57900EA1F23 /* CommunityViewController.swift */,
				23B02F6F1D61B58D00EA1F23 /* MallViewController.swift */,
				23B02F711D61B59D00EA1F23 /* FoodClassViewController.swift */,
				23B02F731D61B5AA00EA1F23 /* ProfileViewController.swift */,
				23B02F3D1D61B47E00EA1F23 /* Main.storyboard */,
				23B02F401D61B47E00EA1F23 /* Assets.xcassets */,
				23B02F421D61B47E00EA1F23 /* LaunchScreen.storyboard */,
				23B02F451D61B47E00EA1F23 /* Info.plist */,
				23B02F671D61B4CD00EA1F23 /* Control.json */,
			);
			path = KitchenTabBar;
			sourceTree = "<group>";
		};
		23B02F4D1D61B47E00EA1F23 /* KitchenTabBarTests */ = {
			isa = PBXGroup;
			children = (
				23B02F4E1D61B47E00EA1F23 /* KitchenTabBarTests.swift */,
				23B02F501D61B47E00EA1F23 /* Info.plist */,
			);
			path = KitchenTabBarTests;
			sourceTree = "<group>";
		};
		23B02F581D61B47E00EA1F23 /* KitchenTabBarUITests */ = {
			isa = PBXGroup;
			children = (
				23B02F591D61B47E00EA1F23 /* KitchenTabBarUITests.swift */,
				23B02F5B1D61B47E00EA1F23 /* Info.plist */,
			);
			path = KitchenTabBarUITests;
			sourceTree = "<group>";
		};
/* End PBXGroup section */

/* Begin PBXNativeTarget section */
		23B02F351D61B47E00EA1F23 /* KitchenTabBar */ = {
			isa = PBXNativeTarget;
			buildConfigurationList = 23B02F5E1D61B47E00EA1F23 /* Build configuration list for PBXNativeTarget "KitchenTabBar" */;
			buildPhases = (
				23B02F321D61B47E00EA1F23 /* Sources */,
				23B02F331D61B47E00EA1F23 /* Frameworks */,
				23B02F341D61B47E00EA1F23 /* Resources */,
			);
			buildRules = (
			);
			dependencies = (
			);
			name = KitchenTabBar;
			productName = KitchenTabBar;
			productReference = 23B02F361D61B47E00EA1F23 /* KitchenTabBar.app */;
			productType = "com.apple.product-type.application";
		};
		23B02F491D61B47E00EA1F23 /* KitchenTabBarTests */ = {
			isa = PBXNativeTarget;
			buildConfigurationList = 23B02F611D61B47E00EA1F23 /* Build configuration list for PBXNativeTarget "KitchenTabBarTests" */;
			buildPhases = (
				23B02F461D61B47E00EA1F23 /* Sources */,
				23B02F471D61B47E00EA1F23 /* Frameworks */,
				23B02F481D61B47E00EA1F23 /* Resources */,
			);
			buildRules = (
			);
			dependencies = (
				23B02F4C1D61B47E00EA1F23 /* PBXTargetDependency */,
			);
			name = KitchenTabBarTests;
			productName = KitchenTabBarTests;
			productReference = 23B02F4A1D61B47E00EA1F23 /* KitchenTabBarTests.xctest */;
			productType = "com.apple.product-type.bundle.unit-test";
		};
		23B02F541D61B47E00EA1F23 /* KitchenTabBarUITests */ = {
			isa = PBXNativeTarget;
			buildConfigurationList = 23B02F641D61B47E00EA1F23 /* Build configuration list for PBXNativeTarget "KitchenTabBarUITests" */;
			buildPhases = (
				23B02F511D61B47E00EA1F23 /* Sources */,
				23B02F521D61B47E00EA1F23 /* Frameworks */,
				23B02F531D61B47E00EA1F23 /* Resources */,
			);
			buildRules = (
			);
			dependencies = (
				23B02F571D61B47E00EA1F23 /* PBXTargetDependency */,
			);
			name = KitchenTabBarUITests;
			productName = KitchenTabBarUITests;
			productReference = 23B02F551D61B47E00EA1F23 /* KitchenTabBarUITests.xctest */;
			productType = "com.apple.product-type.bundle.ui-testing";
		};
/* End PBXNativeTarget section */

/* Begin PBXProject section */
		23B02F2E1D61B47E00EA1F23 /* Project object */ = {
			isa = PBXProject;
			attributes = {
				LastSwiftUpdateCheck = 0730;
				LastUpgradeCheck = 0730;
				ORGANIZATIONNAME = "邓江洲";
				TargetAttributes = {
					23B02F351D61B47E00EA1F23 = {
						CreatedOnToolsVersion = 7.3.1;
						DevelopmentTeam = 32JV4N2CEB;
					};
					23B02F491D61B47E00EA1F23 = {
						CreatedOnToolsVersion = 7.3.1;
						DevelopmentTeam = 32JV4N2CEB;
						TestTargetID = 23B02F351D61B47E00EA1F23;
					};
					23B02F541D61B47E00EA1F23 = {
						CreatedOnToolsVersion = 7.3.1;
						DevelopmentTeam = 32JV4N2CEB;
						TestTargetID = 23B02F351D61B47E00EA1F23;
					};
				};
			};
			buildConfigurationList = 23B02F311D61B47E00EA1F23 /* Build configuration list for PBXProject "KitchenTabBar" */;
			compatibilityVersion = "Xcode 3.2";
			developmentRegion = English;
			hasScannedForEncodings = 0;
			knownRegions = (
				en,
				Base,
			);
			mainGroup = 23B02F2D1D61B47E00EA1F23;
			productRefGroup = 23B02F371D61B47E00EA1F23 /* Products */;
			projectDirPath = "";
			projectRoot = "";
			targets = (
				23B02F351D61B47E00EA1F23 /* KitchenTabBar */,
				23B02F491D61B47E00EA1F23 /* KitchenTabBarTests */,
				23B02F541D61B47E00EA1F23 /* KitchenTabBarUITests */,
			);
		};
/* End PBXProject section */

/* Begin PBXResourcesBuildPhase section */
		23B02F341D61B47E00EA1F23 /* Resources */ = {
			isa = PBXResourcesBuildPhase;
			buildActionMask = 2147483647;
			files = (
				23B02F441D61B47E00EA1F23 /* LaunchScreen.storyboard in Resources */,
				23B02F681D61B4CD00EA1F23 /* Control.json in Resources */,
				23B02F411D61B47E00EA1F23 /* Assets.xcassets in Resources */,
				23B02F3F1D61B47E00EA1F23 /* Main.storyboard in Resources */,
			);
			runOnlyForDeploymentPostprocessing = 0;
		};
		23B02F481D61B47E00EA1F23 /* Resources */ = {
			isa = PBXResourcesBuildPhase;
			buildActionMask = 2147483647;
			files = (
			);
			runOnlyForDeploymentPostprocessing = 0;
		};
		23B02F531D61B47E00EA1F23 /* Resources */ = {
			isa = PBXResourcesBuildPhase;
			buildActionMask = 2147483647;
			files = (
			);
			runOnlyForDeploymentPostprocessing = 0;
		};
/* End PBXResourcesBuildPhase section */

/* Begin PBXSourcesBuildPhase section */
		23B02F321D61B47E00EA1F23 /* Sources */ = {
			isa = PBXSourcesBuildPhase;
			buildActionMask = 2147483647;
			files = (
				23B02F6A1D61B51A00EA1F23 /* MainTabBarViewController.swift in Sources */,
				23B02F721D61B59D00EA1F23 /* FoodClassViewController.swift in Sources */,
				23B02F6C1D61B55300EA1F23 /* CookBookViewController.swift in Sources */,
				23B02F701D61B58D00EA1F23 /* MallViewController.swift in Sources */,
				23B02F3C1D61B47E00EA1F23 /* ViewController.swift in Sources */,
				23B02F6E1D61B57900EA1F23 /* CommunityViewController.swift in Sources */,
				23B02F741D61B5AA00EA1F23 /* ProfileViewController.swift in Sources */,
				23B02F3A1D61B47E00EA1F23 /* AppDelegate.swift in Sources */,
			);
			runOnlyForDeploymentPostprocessing = 0;
		};
		23B02F461D61B47E00EA1F23 /* Sources */ = {
			isa = PBXSourcesBuildPhase;
			buildActionMask = 2147483647;
			files = (
				23B02F4F1D61B47E00EA1F23 /* KitchenTabBarTests.swift in Sources */,
			);
			runOnlyForDeploymentPostprocessing = 0;
		};
		23B02F511D61B47E00EA1F23 /* Sources */ = {
			isa = PBXSourcesBuildPhase;
			buildActionMask = 2147483647;
			files = (
				23B02F5A1D61B47E00EA1F23 /* KitchenTabBarUITests.swift in Sources */,
			);
			runOnlyForDeploymentPostprocessing = 0;
		};
/* End PBXSourcesBuildPhase section */

/* Begin PBXTargetDependency section */
		23B02F4C1D61B47E00EA1F23 /* PBXTargetDependency */ = {
			isa = PBXTargetDependency;
			target = 23B02F351D61B47E00EA1F23 /* KitchenTabBar */;
			targetProxy = 23B02F4B1D61B47E00EA1F23 /* PBXContainerItemProxy */;
		};
		23B02F571D61B47E00EA1F23 /* PBXTargetDependency */ = {
			isa = PBXTargetDependency;
			target = 23B02F351D61B47E00EA1F23 /* KitchenTabBar */;
			targetProxy = 23B02F561D61B47E00EA1F23 /* PBXContainerItemProxy */;
		};
/* End PBXTargetDependency section */

/* Begin PBXVariantGroup section */
		23B02F3D1D61B47E00EA1F23 /* Main.storyboard */ = {
			isa = PBXVariantGroup;
			children = (
				23B02F3E1D61B47E00EA1F23 /* Base */,
			);
			name = Main.storyboard;
			sourceTree = "<group>";
		};
		23B02F421D61B47E00EA1F23 /* LaunchScreen.storyboard */ = {
			isa = PBXVariantGroup;
			children = (
				23B02F431D61B47E00EA1F23 /* Base */,
			);
			name = LaunchScreen.storyboard;
			sourceTree = "<group>";
		};
/* End PBXVariantGroup section */

/* Begin XCBuildConfiguration section */
		23B02F5C1D61B47E00EA1F23 /* Debug */ = {
			isa = XCBuildConfiguration;
			buildSettings = {
				ALWAYS_SEARCH_USER_PATHS = NO;
				CLANG_ANALYZER_NONNULL = YES;
				CLANG_CXX_LANGUAGE_STANDARD = "gnu++0x";
				CLANG_CXX_LIBRARY = "libc++";
				CLANG_ENABLE_MODULES = YES;
				CLANG_ENABLE_OBJC_ARC = YES;
				CLANG_WARN_BOOL_CONVERSION = YES;
				CLANG_WARN_CONSTANT_CONVERSION = YES;
				CLANG_WARN_DIRECT_OBJC_ISA_USAGE = YES_ERROR;
				CLANG_WARN_EMPTY_BODY = YES;
				CLANG_WARN_ENUM_CONVERSION = YES;
				CLANG_WARN_INT_CONVERSION = YES;
				CLANG_WARN_OBJC_ROOT_CLASS = YES_ERROR;
				CLANG_WARN_UNREACHABLE_CODE = YES;
				CLANG_WARN__DUPLICATE_METHOD_MATCH = YES;
				"CODE_SIGN_IDENTITY[sdk=iphoneos*]" = "iPhone Developer";
				COPY_PHASE_STRIP = NO;
				DEBUG_INFORMATION_FORMAT = dwarf;
				ENABLE_STRICT_OBJC_MSGSEND = YES;
				ENABLE_TESTABILITY = YES;
				GCC_C_LANGUAGE_STANDARD = gnu99;
				GCC_DYNAMIC_NO_PIC = NO;
				GCC_NO_COMMON_BLOCKS = YES;
				GCC_OPTIMIZATION_LEVEL = 0;
				GCC_PREPROCESSOR_DEFINITIONS = (
					"DEBUG=1",
					"$(inherited)",
				);
				GCC_WARN_64_TO_32_BIT_CONVERSION = YES;
				GCC_WARN_ABOUT_RETURN_TYPE = YES_ERROR;
				GCC_WARN_UNDECLARED_SELECTOR = YES;
				GCC_WARN_UNINITIALIZED_AUTOS = YES_AGGRESSIVE;
				GCC_WARN_UNUSED_FUNCTION = YES;
				GCC_WARN_UNUSED_VARIABLE = YES;
				IPHONEOS_DEPLOYMENT_TARGET = 9.3;
				MTL_ENABLE_DEBUG_INFO = YES;
				ONLY_ACTIVE_ARCH = YES;
				SDKROOT = iphoneos;
				SWIFT_OPTIMIZATION_LEVEL = "-Onone";
			};
			name = Debug;
		};
		23B02F5D1D61B47E00EA1F23 /* Release */ = {
			isa = XCBuildConfiguration;
			buildSettings = {
				ALWAYS_SEARCH_USER_PATHS = NO;
				CLANG_ANALYZER_NONNULL = YES;
				CLANG_CXX_LANGUAGE_STANDARD = "gnu++0x";
				CLANG_CXX_LIBRARY = "libc++";
				CLANG_ENABLE_MODULES = YES;
				CLANG_ENABLE_OBJC_ARC = YES;
				CLANG_WARN_BOOL_CONVERSION = YES;
				CLANG_WARN_CONSTANT_CONVERSION = YES;
				CLANG_WARN_DIRECT_OBJC_ISA_USAGE = YES_ERROR;
				CLANG_WARN_EMPTY_BODY = YES;
				CLANG_WARN_ENUM_CONVERSION = YES;
				CLANG_WARN_INT_CONVERSION = YES;
				CLANG_WARN_OBJC_ROOT_CLASS = YES_ERROR;
				CLANG_WARN_UNREACHABLE_CODE = YES;
				CLANG_WARN__DUPLICATE_METHOD_MATCH = YES;
				"CODE_SIGN_IDENTITY[sdk=iphoneos*]" = "iPhone Developer";
				COPY_PHASE_STRIP = NO;
				DEBUG_INFORMATION_FORMAT = "dwarf-with-dsym";
				ENABLE_NS_ASSERTIONS = NO;
				ENABLE_STRICT_OBJC_MSGSEND = YES;
				GCC_C_LANGUAGE_STANDARD = gnu99;
				GCC_NO_COMMON_BLOCKS = YES;
				GCC_WARN_64_TO_32_BIT_CONVERSION = YES;
				GCC_WARN_ABOUT_RETURN_TYPE = YES_ERROR;
				GCC_WARN_UNDECLARED_SELECTOR = YES;
				GCC_WARN_UNINITIALIZED_AUTOS = YES_AGGRESSIVE;
				GCC_WARN_UNUSED_FUNCTION = YES;
				GCC_WARN_UNUSED_VARIABLE = YES;
				IPHONEOS_DEPLOYMENT_TARGET = 9.3;
				MTL_ENABLE_DEBUG_INFO = NO;
				SDKROOT = iphoneos;
				VALIDATE_PRODUCT = YES;
			};
			name = Release;
		};
		23B02F5F1D61B47E00EA1F23 /* Debug */ = {
			isa = XCBuildConfiguration;
			buildSettings = {
				ASSETCATALOG_COMPILER_APPICON_NAME = AppIcon;
				INFOPLIST_FILE = KitchenTabBar/Info.plist;
				LD_RUNPATH_SEARCH_PATHS = "$(inherited) @executable_path/Frameworks";
				PRODUCT_BUNDLE_IDENTIFIER = apple1000Phone.KitchenTabBar;
				PRODUCT_NAME = "$(TARGET_NAME)";
			};
			name = Debug;
		};
		23B02F601D61B47E00EA1F23 /* Release */ = {
			isa = XCBuildConfiguration;
			buildSettings = {
				ASSETCATALOG_COMPILER_APPICON_NAME = AppIcon;
				INFOPLIST_FILE = KitchenTabBar/Info.plist;
				LD_RUNPATH_SEARCH_PATHS = "$(inherited) @executable_path/Frameworks";
				PRODUCT_BUNDLE_IDENTIFIER = apple1000Phone.KitchenTabBar;
				PRODUCT_NAME = "$(TARGET_NAME)";
			};
			name = Release;
		};
		23B02F621D61B47E00EA1F23 /* Debug */ = {
			isa = XCBuildConfiguration;
			buildSettings = {
				BUNDLE_LOADER = "$(TEST_HOST)";
				INFOPLIST_FILE = KitchenTabBarTests/Info.plist;
				LD_RUNPATH_SEARCH_PATHS = "$(inherited) @executable_path/Frameworks @loader_path/Frameworks";
				PRODUCT_BUNDLE_IDENTIFIER = apple1000Phone.KitchenTabBarTests;
				PRODUCT_NAME = "$(TARGET_NAME)";
				TEST_HOST = "$(BUILT_PRODUCTS_DIR)/KitchenTabBar.app/KitchenTabBar";
			};
			name = Debug;
		};
		23B02F631D61B47E00EA1F23 /* Release */ = {
			isa = XCBuildConfiguration;
			buildSettings = {
				BUNDLE_LOADER = "$(TEST_HOST)";
				INFOPLIST_FILE = KitchenTabBarTests/Info.plist;
				LD_RUNPATH_SEARCH_PATHS = "$(inherited) @executable_path/Frameworks @loader_path/Frameworks";
				PRODUCT_BUNDLE_IDENTIFIER = apple1000Phone.KitchenTabBarTests;
				PRODUCT_NAME = "$(TARGET_NAME)";
				TEST_HOST = "$(BUILT_PRODUCTS_DIR)/KitchenTabBar.app/KitchenTabBar";
			};
			name = Release;
		};
		23B02F651D61B47E00EA1F23 /* Debug */ = {
			isa = XCBuildConfiguration;
			buildSettings = {
				INFOPLIST_FILE = KitchenTabBarUITests/Info.plist;
				LD_RUNPATH_SEARCH_PATHS = "$(inherited) @executable_path/Frameworks @loader_path/Frameworks";
				PRODUCT_BUNDLE_IDENTIFIER = apple1000Phone.KitchenTabBarUITests;
				PRODUCT_NAME = "$(TARGET_NAME)";
				TEST_TARGET_NAME = KitchenTabBar;
			};
			name = Debug;
		};
		23B02F661D61B47E00EA1F23 /* Release */ = {
			isa = XCBuildConfiguration;
			buildSettings = {
				INFOPLIST_FILE = KitchenTabBarUITests/Info.plist;
				LD_RUNPATH_SEARCH_PATHS = "$(inherited) @executable_path/Frameworks @loader_path/Frameworks";
				PRODUCT_BUNDLE_IDENTIFIER = apple1000Phone.KitchenTabBarUITests;
				PRODUCT_NAME = "$(TARGET_NAME)";
				TEST_TARGET_NAME = KitchenTabBar;
			};
			name = Release;
		};
/* End XCBuildConfiguration section */

/* Begin XCConfigurationList section */
		23B02F311D61B47E00EA1F23 /* Build configuration list for PBXProject "KitchenTabBar" */ = {
			isa = XCConfigurationList;
			buildConfigurations = (
				23B02F5C1D61B47E00EA1F23 /* Debug */,
				23B02F5D1D61B47E00EA1F23 /* Release */,
			);
			defaultConfigurationIsVisible = 0;
			defaultConfigurationName = Release;
		};
		23B02F5E1D61B47E00EA1F23 /* Build configuration list for PBXNativeTarget "KitchenTabBar" */ = {
			isa = XCConfigurationList;
			buildConfigurations = (
				23B02F5F1D61B47E00EA1F23 /* Debug */,
				23B02F601D61B47E00EA1F23 /* Release */,
			);
			defaultConfigurationIsVisible = 0;
			defaultConfigurationName = Release;
		};
		23B02F611D61B47E00EA1F23 /* Build configuration list for PBXNativeTarget "KitchenTabBarTests" */ = {
			isa = XCConfigurationList;
			buildConfigurations = (
				23B02F621D61B47E00EA1F23 /* Debug */,
				23B02F631D61B47E00EA1F23 /* Release */,
			);
			defaultConfigurationIsVisible = 0;
			defaultConfigurationName = Release;
		};
		23B02F641D61B47E00EA1F23 /* Build configuration list for PBXNativeTarget "KitchenTabBarUITests" */ = {
			isa = XCConfigurationList;
			buildConfigurations = (
				23B02F651D61B47E00EA1F23 /* Debug */,
				23B02F661D61B47E00EA1F23 /* Release */,
			);
			defaultConfigurationIsVisible = 0;
			defaultConfigurationName = Release;
		};
/* End XCConfigurationList section */
	};
	rootObject = 23B02F2E1D61B47E00EA1F23 /* Project object */;
}
