// !$*UTF8*$!
{
	archiveVersion = 1;
	classes = {
	};
	objectVersion = 46;
	objects = {

/* Begin PBXBuildFile section */
		23B02F211D61A0B100EA1F23 /* main.m in Sources */ = {isa = PBXBuildFile; fileRef = 23B02F201D61A0B100EA1F23 /* main.m */; };
		23B02F291D61A10200EA1F23 /* Person.m in Sources */ = {isa = PBXBuildFile; fileRef = 23B02F281D61A10200EA1F23 /* Person.m */; };
/* End PBXBuildFile section */

/* Begin PBXCopyFilesBuildPhase section */
		23B02F1B1D61A0B100EA1F23 /* CopyFiles */ = {
			isa = PBXCopyFilesBuildPhase;
			buildActionMask = 2147483647;
			dstPath = /usr/share/man/man1/;
			dstSubfolderSpec = 0;
			files = (
			);
			runOnlyForDeploymentPostprocessing = 1;
		};
/* End PBXCopyFilesBuildPhase section */

/* Begin PBXFileReference section */
		23B02F1D1D61A0B100EA1F23 /* 03_类和对象 */ = {isa = PBXFileReference; explicitFileType = "compiled.mach-o.executable"; includeInIndex = 0; path = "03_类和对象"; sourceTree = BUILT_PRODUCTS_DIR; };
		23B02F201D61A0B100EA1F23 /* main.m */ = {isa = PBXFileReference; lastKnownFileType = sourcecode.c.objc; path = main.m; sourceTree = "<group>"; };
		23B02F271D61A10200EA1F23 /* Person.h */ = {isa = PBXFileReference; fileEncoding = 4; lastKnownFileType = sourcecode.c.h; path = Person.h; sourceTree = "<group>"; };
		23B02F281D61A10200EA1F23 /* Person.m */ = {isa = PBXFileReference; fileEncoding = 4; lastKnownFileType = sourcecode.c.objc; path = Person.m; sourceTree = "<group>"; };
/* End PBXFileReference section */

/* Begin PBXFrameworksBuildPhase section */
		23B02F1A1D61A0B100EA1F23 /* Frameworks */ = {
			isa = PBXFrameworksBuildPhase;
			buildActionMask = 2147483647;
			files = (
			);
			runOnlyForDeploymentPostprocessing = 0;
		};
/* End PBXFrameworksBuildPhase section */

/* Begin PBXGroup section */
		23B02F141D61A0B100EA1F23 = {
			isa = PBXGroup;
			children = (
				23B02F1F1D61A0B100EA1F23 /* 03_类和对象 */,
				23B02F1E1D61A0B100EA1F23 /* Products */,
			);
			sourceTree = "<group>";
		};
		23B02F1E1D61A0B100EA1F23 /* Products */ = {
			isa = PBXGroup;
			children = (
				23B02F1D1D61A0B100EA1F23 /* 03_类和对象 */,
			);
			name = Products;
			sourceTree = "<group>";
		};
		23B02F1F1D61A0B100EA1F23 /* 03_类和对象 */ = {
			isa = PBXGroup;
			children = (
				23B02F201D61A0B100EA1F23 /* main.m */,
				23B02F271D61A10200EA1F23 /* Person.h */,
				23B02F281D61A10200EA1F23 /* Person.m */,
			);
			path = "03_类和对象";
			sourceTree = "<group>";
		};
/* End PBXGroup section */

/* Begin PBXNativeTarget section */
		23B02F1C1D61A0B100EA1F23 /* 03_类和对象 */ = {
			isa = PBXNativeTarget;
			buildConfigurationList = 23B02F241D61A0B100EA1F23 /* Build configuration list for PBXNativeTarget "03_类和对象" */;
			buildPhases = (
				23B02F191D61A0B100EA1F23 /* Sources */,
				23B02F1A1D61A0B100EA1F23 /* Frameworks */,
				23B02F1B1D61A0B100EA1F23 /* CopyFiles */,
			);
			buildRules = (
			);
			dependencies = (
			);
			name = "03_类和对象";
			productName = "03_类和对象";
			productReference = 23B02F1D1D61A0B100EA1F23 /* 03_类和对象 */;
			productType = "com.apple.product-type.tool";
		};
/* End PBXNativeTarget section */

/* Begin PBXProject section */
		23B02F151D61A0B100EA1F23 /* Project object */ = {
			isa = PBXProject;
			attributes = {
				LastUpgradeCheck = 0730;
				ORGANIZATIONNAME = "邓江洲";
				TargetAttributes = {
					23B02F1C1D61A0B100EA1F23 = {
						CreatedOnToolsVersion = 7.3.1;
					};
				};
			};
			buildConfigurationList = 23B02F181D61A0B100EA1F23 /* Build configuration list for PBXProject "03_类和对象" */;
			compatibilityVersion = "Xcode 3.2";
			developmentRegion = English;
			hasScannedForEncodings = 0;
			knownRegions = (
				en,
			);
			mainGroup = 23B02F141D61A0B100EA1F23;
			productRefGroup = 23B02F1E1D61A0B100EA1F23 /* Products */;
			projectDirPath = "";
			projectRoot = "";
			targets = (
				23B02F1C1D61A0B100EA1F23 /* 03_类和对象 */,
			);
		};
/* End PBXProject section */

/* Begin PBXSourcesBuildPhase section */
		23B02F191D61A0B100EA1F23 /* Sources */ = {
			isa = PBXSourcesBuildPhase;
			buildActionMask = 2147483647;
			files = (
				23B02F291D61A10200EA1F23 /* Person.m in Sources */,
				23B02F211D61A0B100EA1F23 /* main.m in Sources */,
			);
			runOnlyForDeploymentPostprocessing = 0;
		};
/* End PBXSourcesBuildPhase section */

/* Begin XCBuildConfiguration section */
		23B02F221D61A0B100EA1F23 /* Debug */ = {
			isa = XCBuildConfiguration;
			buildSettings = {
				ALWAYS_SEARCH_USER_PATHS = NO;
				CLANG_ANALYZER_NONNULL = YES;
				CLANG_CXX_LANGUAGE_STANDARD = "gnu++0x";
				CLANG_CXX_LIBRARY = "libc++";
				CLANG_ENABLE_MODULES = YES;
				CLANG_ENABLE_OBJC_ARC = YES;
				CLANG_WARN_BOOL_CONVERSION = YES;
				CLANG_WARN_CONSTANT_CONVERSION = YES;
				CLANG_WARN_DIRECT_OBJC_ISA_USAGE = YES_ERROR;
				CLANG_WARN_EMPTY_BODY = YES;
				CLANG_WARN_ENUM_CONVERSION = YES;
				CLANG_WARN_INT_CONVERSION = YES;
				CLANG_WARN_OBJC_ROOT_CLASS = YES_ERROR;
				CLANG_WARN_UNREACHABLE_CODE = YES;
				CLANG_WARN__DUPLICATE_METHOD_MATCH = YES;
				CODE_SIGN_IDENTITY = "-";
				COPY_PHASE_STRIP = NO;
				DEBUG_INFORMATION_FORMAT = dwarf;
				ENABLE_STRICT_OBJC_MSGSEND = YES;
				ENABLE_TESTABILITY = YES;
				GCC_C_LANGUAGE_STANDARD = gnu99;
				GCC_DYNAMIC_NO_PIC = NO;
				GCC_NO_COMMON_BLOCKS = YES;
				GCC_OPTIMIZATION_LEVEL = 0;
				GCC_PREPROCESSOR_DEFINITIONS = (
					"DEBUG=1",
					"$(inherited)",
				);
				GCC_WARN_64_TO_32_BIT_CONVERSION = YES;
				GCC_WARN_ABOUT_RETURN_TYPE = YES_ERROR;
				GCC_WARN_UNDECLARED_SELECTOR = YES;
				GCC_WARN_UNINITIALIZED_AUTOS = YES_AGGRESSIVE;
				GCC_WARN_UNUSED_FUNCTION = YES;
				GCC_WARN_UNUSED_VARIABLE = YES;
				MACOSX_DEPLOYMENT_TARGET = 10.11;
				MTL_ENABLE_DEBUG_INFO = YES;
				ONLY_ACTIVE_ARCH = YES;
				SDKROOT = macosx;
			};
			name = Debug;
		};
		23B02F231D61A0B100EA1F23 /* Release */ = {
			isa = XCBuildConfiguration;
			buildSettings = {
				ALWAYS_SEARCH_USER_PATHS = NO;
				CLANG_ANALYZER_NONNULL = YES;
				CLANG_CXX_LANGUAGE_STANDARD = "gnu++0x";
				CLANG_CXX_LIBRARY = "libc++";
				CLANG_ENABLE_MODULES = YES;
				CLANG_ENABLE_OBJC_ARC = YES;
				CLANG_WARN_BOOL_CONVERSION = YES;
				CLANG_WARN_CONSTANT_CONVERSION = YES;
				CLANG_WARN_DIRECT_OBJC_ISA_USAGE = YES_ERROR;
				CLANG_WARN_EMPTY_BODY = YES;
				CLANG_WARN_ENUM_CONVERSION = YES;
				CLANG_WARN_INT_CONVERSION = YES;
				CLANG_WARN_OBJC_ROOT_CLASS = YES_ERROR;
				CLANG_WARN_UNREACHABLE_CODE = YES;
				CLANG_WARN__DUPLICATE_METHOD_MATCH = YES;
				CODE_SIGN_IDENTITY = "-";
				COPY_PHASE_STRIP = NO;
				DEBUG_INFORMATION_FORMAT = "dwarf-with-dsym";
				ENABLE_NS_ASSERTIONS = NO;
				ENABLE_STRICT_OBJC_MSGSEND = YES;
				GCC_C_LANGUAGE_STANDARD = gnu99;
				GCC_NO_COMMON_BLOCKS = YES;
				GCC_WARN_64_TO_32_BIT_CONVERSION = YES;
				GCC_WARN_ABOUT_RETURN_TYPE = YES_ERROR;
				GCC_WARN_UNDECLARED_SELECTOR = YES;
				GCC_WARN_UNINITIALIZED_AUTOS = YES_AGGRESSIVE;
				GCC_WARN_UNUSED_FUNCTION = YES;
				GCC_WARN_UNUSED_VARIABLE = YES;
				MACOSX_DEPLOYMENT_TARGET = 10.11;
				MTL_ENABLE_DEBUG_INFO = NO;
				SDKROOT = macosx;
			};
			name = Release;
		};
		23B02F251D61A0B100EA1F23 /* Debug */ = {
			isa = XCBuildConfiguration;
			buildSettings = {
				PRODUCT_NAME = "$(TARGET_NAME)";
			};
			name = Debug;
		};
		23B02F261D61A0B100EA1F23 /* Release */ = {
			isa = XCBuildConfiguration;
			buildSettings = {
				PRODUCT_NAME = "$(TARGET_NAME)";
			};
			name = Release;
		};
/* End XCBuildConfiguration section */

/* Begin XCConfigurationList section */
		23B02F181D61A0B100EA1F23 /* Build configuration list for PBXProject "03_类和对象" */ = {
			isa = XCConfigurationList;
			buildConfigurations = (
				23B02F221D61A0B100EA1F23 /* Debug */,
				23B02F231D61A0B100EA1F23 /* Release */,
			);
			defaultConfigurationIsVisible = 0;
			defaultConfigurationName = Release;
		};
		23B02F241D61A0B100EA1F23 /* Build configuration list for PBXNativeTarget "03_类和对象" */ = {
			isa = XCConfigurationList;
			buildConfigurations = (
				23B02F251D61A0B100EA1F23 /* Debug */,
				23B02F261D61A0B100EA1F23 /* Release */,
			);
			defaultConfigurationIsVisible = 0;
		};
/* End XCConfigurationList section */
	};
	rootObject = 23B02F151D61A0B100EA1F23 /* Project object */;
}
