// !$*UTF8*$!
{
	archiveVersion = 1;
	classes = {
	};
	objectVersion = 46;
	objects = {

/* Begin PBXBuildFile section */
		180B32A13D302FE4E194E394 /* Pods_TestKitchen.framework in Frameworks */ = {isa = PBXBuildFile; fileRef = B2EF11C0404821435D7466CE /* Pods_TestKitchen.framework */; };
		23150EB71D6151B50033B76B /* AppDelegate.swift in Sources */ = {isa = PBXBuildFile; fileRef = 23150EB61D6151B50033B76B /* AppDelegate.swift */; };
		23150EB91D6151B50033B76B /* ViewController.swift in Sources */ = {isa = PBXBuildFile; fileRef = 23150EB81D6151B50033B76B /* ViewController.swift */; };
		23150EBC1D6151B50033B76B /* Main.storyboard in Resources */ = {isa = PBXBuildFile; fileRef = 23150EBA1D6151B50033B76B /* Main.storyboard */; };
		23150EBE1D6151B50033B76B /* Assets.xcassets in Resources */ = {isa = PBXBuildFile; fileRef = 23150EBD1D6151B50033B76B /* Assets.xcassets */; };
		23150EC11D6151B50033B76B /* LaunchScreen.storyboard in Resources */ = {isa = PBXBuildFile; fileRef = 23150EBF1D6151B50033B76B /* LaunchScreen.storyboard */; };
		23150ECC1D6151B50033B76B /* TestKitchenTests.swift in Sources */ = {isa = PBXBuildFile; fileRef = 23150ECB1D6151B50033B76B /* TestKitchenTests.swift */; };
		23150ED71D6151B50033B76B /* TestKitchenUITests.swift in Sources */ = {isa = PBXBuildFile; fileRef = 23150ED61D6151B50033B76B /* TestKitchenUITests.swift */; };
		23150F0E1D61554F0033B76B /* LaunchImage-700-568h@2x.png in Resources */ = {isa = PBXBuildFile; fileRef = 23150F021D61554F0033B76B /* LaunchImage-700-568h@2x.png */; };
		23150F0F1D61554F0033B76B /* LaunchImage-700@2x.png in Resources */ = {isa = PBXBuildFile; fileRef = 23150F031D61554F0033B76B /* LaunchImage-700@2x.png */; };
		23150F101D61554F0033B76B /* LaunchImage-800-667h@2x.png in Resources */ = {isa = PBXBuildFile; fileRef = 23150F041D61554F0033B76B /* LaunchImage-800-667h@2x.png */; };
		23150F111D61554F0033B76B /* LaunchImage-800-Landscape-736h@3x.png in Resources */ = {isa = PBXBuildFile; fileRef = 23150F051D61554F0033B76B /* LaunchImage-800-Landscape-736h@3x.png */; };
		23150F121D61554F0033B76B /* LaunchImage-800-Portrait-736h@3x.png in Resources */ = {isa = PBXBuildFile; fileRef = 23150F061D61554F0033B76B /* LaunchImage-800-Portrait-736h@3x.png */; };
		23150F131D61554F0033B76B /* AppIcon29x29@2x.png in Resources */ = {isa = PBXBuildFile; fileRef = 23150F081D61554F0033B76B /* AppIcon29x29@2x.png */; };
		23150F141D61554F0033B76B /* AppIcon29x29@3x.png in Resources */ = {isa = PBXBuildFile; fileRef = 23150F091D61554F0033B76B /* AppIcon29x29@3x.png */; };
		23150F151D61554F0033B76B /* AppIcon40x40@2x.png in Resources */ = {isa = PBXBuildFile; fileRef = 23150F0A1D61554F0033B76B /* AppIcon40x40@2x.png */; };
		23150F161D61554F0033B76B /* AppIcon40x40@3x.png in Resources */ = {isa = PBXBuildFile; fileRef = 23150F0B1D61554F0033B76B /* AppIcon40x40@3x.png */; };
		23150F171D61554F0033B76B /* AppIcon60x60@2x.png in Resources */ = {isa = PBXBuildFile; fileRef = 23150F0C1D61554F0033B76B /* AppIcon60x60@2x.png */; };
		23150F181D61554F0033B76B /* AppIcon60x60@3x.png in Resources */ = {isa = PBXBuildFile; fileRef = 23150F0D1D61554F0033B76B /* AppIcon60x60@3x.png */; };
		23150F1A1D615A4F0033B76B /* MainTabBarController.swift in Sources */ = {isa = PBXBuildFile; fileRef = 23150F191D615A4F0033B76B /* MainTabBarController.swift */; };
		23150F1C1D615ABD0033B76B /* BaseViewController.swift in Sources */ = {isa = PBXBuildFile; fileRef = 23150F1B1D615ABD0033B76B /* BaseViewController.swift */; };
		23150F1E1D615B040033B76B /* CookBookViewController.swift in Sources */ = {isa = PBXBuildFile; fileRef = 23150F1D1D615B040033B76B /* CookBookViewController.swift */; };
		23150F201D615B390033B76B /* CommunityViewController.swift in Sources */ = {isa = PBXBuildFile; fileRef = 23150F1F1D615B390033B76B /* CommunityViewController.swift */; };
		23150F221D615B620033B76B /* MallViewController.swift in Sources */ = {isa = PBXBuildFile; fileRef = 23150F211D615B620033B76B /* MallViewController.swift */; };
		23150F241D615B920033B76B /* FoodClassViewController.swift in Sources */ = {isa = PBXBuildFile; fileRef = 23150F231D615B920033B76B /* FoodClassViewController.swift */; };
		23150F261D615BBC0033B76B /* ProfileViewController.swift in Sources */ = {isa = PBXBuildFile; fileRef = 23150F251D615BBC0033B76B /* ProfileViewController.swift */; };
		23150F281D6164200033B76B /* Ctrl.json in Resources */ = {isa = PBXBuildFile; fileRef = 23150F271D6164200033B76B /* Ctrl.json */; };
		23150F2A1D61730F0033B76B /* UIView+Util.swift in Sources */ = {isa = PBXBuildFile; fileRef = 23150F291D61730F0033B76B /* UIView+Util.swift */; };
		23150F2C1D6173A80033B76B /* UILabel+Util.swift in Sources */ = {isa = PBXBuildFile; fileRef = 23150F2B1D6173A80033B76B /* UILabel+Util.swift */; };
		23150F2E1D6175180033B76B /* UIButton+Util.swift in Sources */ = {isa = PBXBuildFile; fileRef = 23150F2D1D6175180033B76B /* UIButton+Util.swift */; };
		233C664F1D62A17F00F8CDAE /* community_normal@2x.png in Resources */ = {isa = PBXBuildFile; fileRef = 233C66371D62A17F00F8CDAE /* community_normal@2x.png */; };
		233C66501D62A17F00F8CDAE /* community_normal@3x.png in Resources */ = {isa = PBXBuildFile; fileRef = 233C66381D62A17F00F8CDAE /* community_normal@3x.png */; };
		233C66511D62A17F00F8CDAE /* community_select@2x.png in Resources */ = {isa = PBXBuildFile; fileRef = 233C66391D62A17F00F8CDAE /* community_select@2x.png */; };
		233C66521D62A17F00F8CDAE /* community_select@3x.png in Resources */ = {isa = PBXBuildFile; fileRef = 233C663A1D62A17F00F8CDAE /* community_select@3x.png */; };
		233C66531D62A17F00F8CDAE /* home_normal@2x.png in Resources */ = {isa = PBXBuildFile; fileRef = 233C663B1D62A17F00F8CDAE /* home_normal@2x.png */; };
		233C66541D62A17F00F8CDAE /* home_normal@3x.png in Resources */ = {isa = PBXBuildFile; fileRef = 233C663C1D62A17F00F8CDAE /* home_normal@3x.png */; };
		233C66551D62A17F00F8CDAE /* home_select@2x.png in Resources */ = {isa = PBXBuildFile; fileRef = 233C663D1D62A17F00F8CDAE /* home_select@2x.png */; };
		233C66561D62A17F00F8CDAE /* home_select@3x.png in Resources */ = {isa = PBXBuildFile; fileRef = 233C663E1D62A17F00F8CDAE /* home_select@3x.png */; };
		233C66571D62A17F00F8CDAE /* mine_normal@2x.png in Resources */ = {isa = PBXBuildFile; fileRef = 233C663F1D62A17F00F8CDAE /* mine_normal@2x.png */; };
		233C66581D62A17F00F8CDAE /* mine_normal@3x.png in Resources */ = {isa = PBXBuildFile; fileRef = 233C66401D62A17F00F8CDAE /* mine_normal@3x.png */; };
		233C66591D62A17F00F8CDAE /* mine_select@2x.png in Resources */ = {isa = PBXBuildFile; fileRef = 233C66411D62A17F00F8CDAE /* mine_select@2x.png */; };
		233C665A1D62A17F00F8CDAE /* mine_select@3x.png in Resources */ = {isa = PBXBuildFile; fileRef = 233C66421D62A17F00F8CDAE /* mine_select@3x.png */; };
		233C665B1D62A17F00F8CDAE /* report_normal@2x.png in Resources */ = {isa = PBXBuildFile; fileRef = 233C66431D62A17F00F8CDAE /* report_normal@2x.png */; };
		233C665C1D62A17F00F8CDAE /* report_normal@3x.png in Resources */ = {isa = PBXBuildFile; fileRef = 233C66441D62A17F00F8CDAE /* report_normal@3x.png */; };
		233C665D1D62A17F00F8CDAE /* report_select@2x.png in Resources */ = {isa = PBXBuildFile; fileRef = 233C66451D62A17F00F8CDAE /* report_select@2x.png */; };
		233C665E1D62A17F00F8CDAE /* report_select@3x.png in Resources */ = {isa = PBXBuildFile; fileRef = 233C66461D62A17F00F8CDAE /* report_select@3x.png */; };
		233C665F1D62A17F00F8CDAE /* shike_normal@2x.png in Resources */ = {isa = PBXBuildFile; fileRef = 233C66471D62A17F00F8CDAE /* shike_normal@2x.png */; };
		233C66601D62A17F00F8CDAE /* shike_normal@3x.png in Resources */ = {isa = PBXBuildFile; fileRef = 233C66481D62A17F00F8CDAE /* shike_normal@3x.png */; };
		233C66611D62A17F00F8CDAE /* shike_select@2x.png in Resources */ = {isa = PBXBuildFile; fileRef = 233C66491D62A17F00F8CDAE /* shike_select@2x.png */; };
		233C66621D62A17F00F8CDAE /* shike_select@3x.png in Resources */ = {isa = PBXBuildFile; fileRef = 233C664A1D62A17F00F8CDAE /* shike_select@3x.png */; };
		233C66631D62A17F00F8CDAE /* shop_normal@2x.png in Resources */ = {isa = PBXBuildFile; fileRef = 233C664B1D62A17F00F8CDAE /* shop_normal@2x.png */; };
		233C66641D62A17F00F8CDAE /* shop_normal@3x.png in Resources */ = {isa = PBXBuildFile; fileRef = 233C664C1D62A17F00F8CDAE /* shop_normal@3x.png */; };
		233C66651D62A17F00F8CDAE /* shop_select@2x.png in Resources */ = {isa = PBXBuildFile; fileRef = 233C664D1D62A17F00F8CDAE /* shop_select@2x.png */; };
		233C66661D62A17F00F8CDAE /* shop_select@3x.png in Resources */ = {isa = PBXBuildFile; fileRef = 233C664E1D62A17F00F8CDAE /* shop_select@3x.png */; };
		233C66681D62A85700F8CDAE /* Const.swift in Sources */ = {isa = PBXBuildFile; fileRef = 233C66671D62A85700F8CDAE /* Const.swift */; };
		233C66721D62B9BD00F8CDAE /* nav_back_black.png in Resources */ = {isa = PBXBuildFile; fileRef = 233C666A1D62B9BD00F8CDAE /* nav_back_black.png */; };
		233C66731D62B9BD00F8CDAE /* nav_back_white.png in Resources */ = {isa = PBXBuildFile; fileRef = 233C666B1D62B9BD00F8CDAE /* nav_back_white.png */; };
		233C66741D62B9BD00F8CDAE /* navBar.png in Resources */ = {isa = PBXBuildFile; fileRef = 233C666C1D62B9BD00F8CDAE /* navBar.png */; };
		233C66751D62B9BD00F8CDAE /* navBtn_bag.png in Resources */ = {isa = PBXBuildFile; fileRef = 233C666D1D62B9BD00F8CDAE /* navBtn_bag.png */; };
		233C66761D62B9BD00F8CDAE /* saoyisao@2x.png in Resources */ = {isa = PBXBuildFile; fileRef = 233C666E1D62B9BD00F8CDAE /* saoyisao@2x.png */; };
		233C66771D62B9BD00F8CDAE /* saoyisao@3x.png in Resources */ = {isa = PBXBuildFile; fileRef = 233C666F1D62B9BD00F8CDAE /* saoyisao@3x.png */; };
		233C66781D62B9BD00F8CDAE /* search@2x.png in Resources */ = {isa = PBXBuildFile; fileRef = 233C66701D62B9BD00F8CDAE /* search@2x.png */; };
		233C66791D62B9BD00F8CDAE /* search@3x.png in Resources */ = {isa = PBXBuildFile; fileRef = 233C66711D62B9BD00F8CDAE /* search@3x.png */; };
		233C667B1D62BD6900F8CDAE /* KTCDownloader.swift in Sources */ = {isa = PBXBuildFile; fileRef = 233C667A1D62BD6900F8CDAE /* KTCDownloader.swift */; };
		233C66811D62C65500F8CDAE /* CBRecommendModel.swift in Sources */ = {isa = PBXBuildFile; fileRef = 233C66801D62C65500F8CDAE /* CBRecommendModel.swift */; };
		237A38E01D654B9500B4B3C1 /* Util.swift in Sources */ = {isa = PBXBuildFile; fileRef = 237A38DF1D654B9500B4B3C1 /* Util.swift */; };
		237A38E21D655ADC00B4B3C1 /* CBSearchHeaderView.swift in Sources */ = {isa = PBXBuildFile; fileRef = 237A38E11D655ADC00B4B3C1 /* CBSearchHeaderView.swift */; };
		237A38E61D65620200B4B3C1 /* search1.png in Resources */ = {isa = PBXBuildFile; fileRef = 237A38E51D65620200B4B3C1 /* search1.png */; };
		237A38E91D65631F00B4B3C1 /* CBRedPacketCell.swift in Sources */ = {isa = PBXBuildFile; fileRef = 237A38E71D65631F00B4B3C1 /* CBRedPacketCell.swift */; };
		237A38EA1D65631F00B4B3C1 /* CBRedPacketCell.xib in Resources */ = {isa = PBXBuildFile; fileRef = 237A38E81D65631F00B4B3C1 /* CBRedPacketCell.xib */; };
		2381EE371D6A905F008A512C /* CBSceneCell.swift in Sources */ = {isa = PBXBuildFile; fileRef = 2381EE351D6A905F008A512C /* CBSceneCell.swift */; };
		2381EE381D6A905F008A512C /* CBSceneCell.xib in Resources */ = {isa = PBXBuildFile; fileRef = 2381EE361D6A905F008A512C /* CBSceneCell.xib */; };
		2381EE3B1D6A9764008A512C /* CBTalentCell.swift in Sources */ = {isa = PBXBuildFile; fileRef = 2381EE391D6A9764008A512C /* CBTalentCell.swift */; };
		2381EE3C1D6A9764008A512C /* CBTalentCell.xib in Resources */ = {isa = PBXBuildFile; fileRef = 2381EE3A1D6A9764008A512C /* CBTalentCell.xib */; };
		2381EE3F1D6AA612008A512C /* CBWorksCell.swift in Sources */ = {isa = PBXBuildFile; fileRef = 2381EE3D1D6AA612008A512C /* CBWorksCell.swift */; };
		2381EE401D6AA612008A512C /* CBWorksCell.xib in Resources */ = {isa = PBXBuildFile; fileRef = 2381EE3E1D6AA612008A512C /* CBWorksCell.xib */; };
		239196E61D6BDAB300CCDAEE /* CBSubjectCell.swift in Sources */ = {isa = PBXBuildFile; fileRef = 239196E41D6BDAB300CCDAEE /* CBSubjectCell.swift */; };
		239196E71D6BDAB300CCDAEE /* CBSubjectCell.xib in Resources */ = {isa = PBXBuildFile; fileRef = 239196E51D6BDAB300CCDAEE /* CBSubjectCell.xib */; };
		239196ED1D6BEA3600CCDAEE /* CBMaterialModel.swift in Sources */ = {isa = PBXBuildFile; fileRef = 239196EC1D6BEA3600CCDAEE /* CBMaterialModel.swift */; };
		239196EF1D6BF6E800CCDAEE /* CBMaterialView.swift in Sources */ = {isa = PBXBuildFile; fileRef = 239196EE1D6BF6E800CCDAEE /* CBMaterialView.swift */; };
		239196F11D6BFC4E00CCDAEE /* KTCSegmentCtrl.swift in Sources */ = {isa = PBXBuildFile; fileRef = 239196F01D6BFC4E00CCDAEE /* KTCSegmentCtrl.swift */; };
		23B182D01D66942D0055630D /* CBRecommendNewCell.swift in Sources */ = {isa = PBXBuildFile; fileRef = 23B182CE1D66942D0055630D /* CBRecommendNewCell.swift */; };
		23B182D11D66942D0055630D /* CBRecommendNewCell.xib in Resources */ = {isa = PBXBuildFile; fileRef = 23B182CF1D66942D0055630D /* CBRecommendNewCell.xib */; };
		23B182D41D66993F0055630D /* play-A@2x.png in Resources */ = {isa = PBXBuildFile; fileRef = 23B182D21D66993F0055630D /* play-A@2x.png */; };
		23B182D51D66993F0055630D /* play-A@3x.png in Resources */ = {isa = PBXBuildFile; fileRef = 23B182D31D66993F0055630D /* play-A@3x.png */; };
		23B182D71D66AAF60055630D /* CBHeaderView.swift in Sources */ = {isa = PBXBuildFile; fileRef = 23B182D61D66AAF60055630D /* CBHeaderView.swift */; };
		23B182D91D66ADE70055630D /* more_icon.png in Resources */ = {isa = PBXBuildFile; fileRef = 23B182D81D66ADE70055630D /* more_icon.png */; };
		23B182DC1D66B14B0055630D /* CBSpecialCell.swift in Sources */ = {isa = PBXBuildFile; fileRef = 23B182DA1D66B14B0055630D /* CBSpecialCell.swift */; };
		23B182DD1D66B14B0055630D /* CBSpecialCell.xib in Resources */ = {isa = PBXBuildFile; fileRef = 23B182DB1D66B14B0055630D /* CBSpecialCell.xib */; };
		23BD22771D63FB9D006272EC /* CBRecommendView.swift in Sources */ = {isa = PBXBuildFile; fileRef = 23BD22761D63FB9D006272EC /* CBRecommendView.swift */; };
		23BD227A1D63FF46006272EC /* CBRecommendADCell.swift in Sources */ = {isa = PBXBuildFile; fileRef = 23BD22781D63FF46006272EC /* CBRecommendADCell.swift */; };
		23BD227B1D63FF46006272EC /* CBRecommendADCell.xib in Resources */ = {isa = PBXBuildFile; fileRef = 23BD22791D63FF46006272EC /* CBRecommendADCell.xib */; };
		23BD227D1D6407F5006272EC /* UIImageView+Util.swift in Sources */ = {isa = PBXBuildFile; fileRef = 23BD227C1D6407F5006272EC /* UIImageView+Util.swift */; };
		23BD22801D640A27006272EC /* sdefaultImage.png in Resources */ = {isa = PBXBuildFile; fileRef = 23BD227F1D640A27006272EC /* sdefaultImage.png */; };
		23BD22831D64173C006272EC /* CBRecommendLikeCell.swift in Sources */ = {isa = PBXBuildFile; fileRef = 23BD22811D64173C006272EC /* CBRecommendLikeCell.swift */; };
		23BD22841D64173C006272EC /* CBRecommendLikeCell.xib in Resources */ = {isa = PBXBuildFile; fileRef = 23BD22821D64173C006272EC /* CBRecommendLikeCell.xib */; };
/* End PBXBuildFile section */

/* Begin PBXContainerItemProxy section */
		23150EC81D6151B50033B76B /* PBXContainerItemProxy */ = {
			isa = PBXContainerItemProxy;
			containerPortal = 23150EAB1D6151B50033B76B /* Project object */;
			proxyType = 1;
			remoteGlobalIDString = 23150EB21D6151B50033B76B;
			remoteInfo = TestKitchen;
		};
		23150ED31D6151B50033B76B /* PBXContainerItemProxy */ = {
			isa = PBXContainerItemProxy;
			containerPortal = 23150EAB1D6151B50033B76B /* Project object */;
			proxyType = 1;
			remoteGlobalIDString = 23150EB21D6151B50033B76B;
			remoteInfo = TestKitchen;
		};
/* End PBXContainerItemProxy section */

/* Begin PBXFileReference section */
		23150EB31D6151B50033B76B /* TestKitchen.app */ = {isa = PBXFileReference; explicitFileType = wrapper.application; includeInIndex = 0; path = TestKitchen.app; sourceTree = BUILT_PRODUCTS_DIR; };
		23150EB61D6151B50033B76B /* AppDelegate.swift */ = {isa = PBXFileReference; lastKnownFileType = sourcecode.swift; path = AppDelegate.swift; sourceTree = "<group>"; };
		23150EB81D6151B50033B76B /* ViewController.swift */ = {isa = PBXFileReference; lastKnownFileType = sourcecode.swift; path = ViewController.swift; sourceTree = "<group>"; };
		23150EBB1D6151B50033B76B /* Base */ = {isa = PBXFileReference; lastKnownFileType = file.storyboard; name = Base; path = Base.lproj/Main.storyboard; sourceTree = "<group>"; };
		23150EBD1D6151B50033B76B /* Assets.xcassets */ = {isa = PBXFileReference; lastKnownFileType = folder.assetcatalog; path = Assets.xcassets; sourceTree = "<group>"; };
		23150EC01D6151B50033B76B /* Base */ = {isa = PBXFileReference; lastKnownFileType = file.storyboard; name = Base; path = Base.lproj/LaunchScreen.storyboard; sourceTree = "<group>"; };
		23150EC21D6151B50033B76B /* Info.plist */ = {isa = PBXFileReference; lastKnownFileType = text.plist.xml; path = Info.plist; sourceTree = "<group>"; };
		23150EC71D6151B50033B76B /* TestKitchenTests.xctest */ = {isa = PBXFileReference; explicitFileType = wrapper.cfbundle; includeInIndex = 0; path = TestKitchenTests.xctest; sourceTree = BUILT_PRODUCTS_DIR; };
		23150ECB1D6151B50033B76B /* TestKitchenTests.swift */ = {isa = PBXFileReference; lastKnownFileType = sourcecode.swift; path = TestKitchenTests.swift; sourceTree = "<group>"; };
		23150ECD1D6151B50033B76B /* Info.plist */ = {isa = PBXFileReference; lastKnownFileType = text.plist.xml; path = Info.plist; sourceTree = "<group>"; };
		23150ED21D6151B50033B76B /* TestKitchenUITests.xctest */ = {isa = PBXFileReference; explicitFileType = wrapper.cfbundle; includeInIndex = 0; path = TestKitchenUITests.xctest; sourceTree = BUILT_PRODUCTS_DIR; };
		23150ED61D6151B50033B76B /* TestKitchenUITests.swift */ = {isa = PBXFileReference; lastKnownFileType = sourcecode.swift; path = TestKitchenUITests.swift; sourceTree = "<group>"; };
		23150ED81D6151B50033B76B /* Info.plist */ = {isa = PBXFileReference; lastKnownFileType = text.plist.xml; path = Info.plist; sourceTree = "<group>"; };
		23150F021D61554F0033B76B /* LaunchImage-700-568h@2x.png */ = {isa = PBXFileReference; lastKnownFileType = image.png; path = "LaunchImage-700-568h@2x.png"; sourceTree = "<group>"; };
		23150F031D61554F0033B76B /* LaunchImage-700@2x.png */ = {isa = PBXFileReference; lastKnownFileType = image.png; path = "LaunchImage-700@2x.png"; sourceTree = "<group>"; };
		23150F041D61554F0033B76B /* LaunchImage-800-667h@2x.png */ = {isa = PBXFileReference; lastKnownFileType = image.png; path = "LaunchImage-800-667h@2x.png"; sourceTree = "<group>"; };
		23150F051D61554F0033B76B /* LaunchImage-800-Landscape-736h@3x.png */ = {isa = PBXFileReference; lastKnownFileType = image.png; path = "LaunchImage-800-Landscape-736h@3x.png"; sourceTree = "<group>"; };
		23150F061D61554F0033B76B /* LaunchImage-800-Portrait-736h@3x.png */ = {isa = PBXFileReference; lastKnownFileType = image.png; path = "LaunchImage-800-Portrait-736h@3x.png"; sourceTree = "<group>"; };
		23150F081D61554F0033B76B /* AppIcon29x29@2x.png */ = {isa = PBXFileReference; lastKnownFileType = image.png; path = "AppIcon29x29@2x.png"; sourceTree = "<group>"; };
		23150F091D61554F0033B76B /* AppIcon29x29@3x.png */ = {isa = PBXFileReference; lastKnownFileType = image.png; path = "AppIcon29x29@3x.png"; sourceTree = "<group>"; };
		23150F0A1D61554F0033B76B /* AppIcon40x40@2x.png */ = {isa = PBXFileReference; lastKnownFileType = image.png; path = "AppIcon40x40@2x.png"; sourceTree = "<group>"; };
		23150F0B1D61554F0033B76B /* AppIcon40x40@3x.png */ = {isa = PBXFileReference; lastKnownFileType = image.png; path = "AppIcon40x40@3x.png"; sourceTree = "<group>"; };
		23150F0C1D61554F0033B76B /* AppIcon60x60@2x.png */ = {isa = PBXFileReference; lastKnownFileType = image.png; path = "AppIcon60x60@2x.png"; sourceTree = "<group>"; };
		23150F0D1D61554F0033B76B /* AppIcon60x60@3x.png */ = {isa = PBXFileReference; lastKnownFileType = image.png; path = "AppIcon60x60@3x.png"; sourceTree = "<group>"; };
		23150F191D615A4F0033B76B /* MainTabBarController.swift */ = {isa = PBXFileReference; fileEncoding = 4; lastKnownFileType = sourcecode.swift; path = MainTabBarController.swift; sourceTree = "<group>"; };
		23150F1B1D615ABD0033B76B /* BaseViewController.swift */ = {isa = PBXFileReference; fileEncoding = 4; lastKnownFileType = sourcecode.swift; path = BaseViewController.swift; sourceTree = "<group>"; };
		23150F1D1D615B040033B76B /* CookBookViewController.swift */ = {isa = PBXFileReference; fileEncoding = 4; lastKnownFileType = sourcecode.swift; path = CookBookViewController.swift; sourceTree = "<group>"; };
		23150F1F1D615B390033B76B /* CommunityViewController.swift */ = {isa = PBXFileReference; fileEncoding = 4; lastKnownFileType = sourcecode.swift; path = CommunityViewController.swift; sourceTree = "<group>"; };
		23150F211D615B620033B76B /* MallViewController.swift */ = {isa = PBXFileReference; fileEncoding = 4; lastKnownFileType = sourcecode.swift; path = MallViewController.swift; sourceTree = "<group>"; };
		23150F231D615B920033B76B /* FoodClassViewController.swift */ = {isa = PBXFileReference; fileEncoding = 4; lastKnownFileType = sourcecode.swift; path = FoodClassViewController.swift; sourceTree = "<group>"; };
		23150F251D615BBC0033B76B /* ProfileViewController.swift */ = {isa = PBXFileReference; fileEncoding = 4; lastKnownFileType = sourcecode.swift; path = ProfileViewController.swift; sourceTree = "<group>"; };
		23150F271D6164200033B76B /* Ctrl.json */ = {isa = PBXFileReference; fileEncoding = 4; lastKnownFileType = text.json; path = Ctrl.json; sourceTree = "<group>"; };
		23150F291D61730F0033B76B /* UIView+Util.swift */ = {isa = PBXFileReference; fileEncoding = 4; lastKnownFileType = sourcecode.swift; path = "UIView+Util.swift"; sourceTree = "<group>"; };
		23150F2B1D6173A80033B76B /* UILabel+Util.swift */ = {isa = PBXFileReference; fileEncoding = 4; lastKnownFileType = sourcecode.swift; path = "UILabel+Util.swift"; sourceTree = "<group>"; };
		23150F2D1D6175180033B76B /* UIButton+Util.swift */ = {isa = PBXFileReference; fileEncoding = 4; lastKnownFileType = sourcecode.swift; path = "UIButton+Util.swift"; sourceTree = "<group>"; };
		233C66371D62A17F00F8CDAE /* community_normal@2x.png */ = {isa = PBXFileReference; lastKnownFileType = image.png; path = "community_normal@2x.png"; sourceTree = "<group>"; };
		233C66381D62A17F00F8CDAE /* community_normal@3x.png */ = {isa = PBXFileReference; lastKnownFileType = image.png; path = "community_normal@3x.png"; sourceTree = "<group>"; };
		233C66391D62A17F00F8CDAE /* community_select@2x.png */ = {isa = PBXFileReference; lastKnownFileType = image.png; path = "community_select@2x.png"; sourceTree = "<group>"; };
		233C663A1D62A17F00F8CDAE /* community_select@3x.png */ = {isa = PBXFileReference; lastKnownFileType = image.png; path = "community_select@3x.png"; sourceTree = "<group>"; };
		233C663B1D62A17F00F8CDAE /* home_normal@2x.png */ = {isa = PBXFileReference; lastKnownFileType = image.png; path = "home_normal@2x.png"; sourceTree = "<group>"; };
		233C663C1D62A17F00F8CDAE /* home_normal@3x.png */ = {isa = PBXFileReference; lastKnownFileType = image.png; path = "home_normal@3x.png"; sourceTree = "<group>"; };
		233C663D1D62A17F00F8CDAE /* home_select@2x.png */ = {isa = PBXFileReference; lastKnownFileType = image.png; path = "home_select@2x.png"; sourceTree = "<group>"; };
		233C663E1D62A17F00F8CDAE /* home_select@3x.png */ = {isa = PBXFileReference; lastKnownFileType = image.png; path = "home_select@3x.png"; sourceTree = "<group>"; };
		233C663F1D62A17F00F8CDAE /* mine_normal@2x.png */ = {isa = PBXFileReference; lastKnownFileType = image.png; path = "mine_normal@2x.png"; sourceTree = "<group>"; };
		233C66401D62A17F00F8CDAE /* mine_normal@3x.png */ = {isa = PBXFileReference; lastKnownFileType = image.png; path = "mine_normal@3x.png"; sourceTree = "<group>"; };
		233C66411D62A17F00F8CDAE /* mine_select@2x.png */ = {isa = PBXFileReference; lastKnownFileType = image.png; path = "mine_select@2x.png"; sourceTree = "<group>"; };
		233C66421D62A17F00F8CDAE /* mine_select@3x.png */ = {isa = PBXFileReference; lastKnownFileType = image.png; path = "mine_select@3x.png"; sourceTree = "<group>"; };
		233C66431D62A17F00F8CDAE /* report_normal@2x.png */ = {isa = PBXFileReference; lastKnownFileType = image.png; path = "report_normal@2x.png"; sourceTree = "<group>"; };
		233C66441D62A17F00F8CDAE /* report_normal@3x.png */ = {isa = PBXFileReference; lastKnownFileType = image.png; path = "report_normal@3x.png"; sourceTree = "<group>"; };
		233C66451D62A17F00F8CDAE /* report_select@2x.png */ = {isa = PBXFileReference; lastKnownFileType = image.png; path = "report_select@2x.png"; sourceTree = "<group>"; };
		233C66461D62A17F00F8CDAE /* report_select@3x.png */ = {isa = PBXFileReference; lastKnownFileType = image.png; path = "report_select@3x.png"; sourceTree = "<group>"; };
		233C66471D62A17F00F8CDAE /* shike_normal@2x.png */ = {isa = PBXFileReference; lastKnownFileType = image.png; path = "shike_normal@2x.png"; sourceTree = "<group>"; };
		233C66481D62A17F00F8CDAE /* shike_normal@3x.png */ = {isa = PBXFileReference; lastKnownFileType = image.png; path = "shike_normal@3x.png"; sourceTree = "<group>"; };
		233C66491D62A17F00F8CDAE /* shike_select@2x.png */ = {isa = PBXFileReference; lastKnownFileType = image.png; path = "shike_select@2x.png"; sourceTree = "<group>"; };
		233C664A1D62A17F00F8CDAE /* shike_select@3x.png */ = {isa = PBXFileReference; lastKnownFileType = image.png; path = "shike_select@3x.png"; sourceTree = "<group>"; };
		233C664B1D62A17F00F8CDAE /* shop_normal@2x.png */ = {isa = PBXFileReference; lastKnownFileType = image.png; path = "shop_normal@2x.png"; sourceTree = "<group>"; };
		233C664C1D62A17F00F8CDAE /* shop_normal@3x.png */ = {isa = PBXFileReference; lastKnownFileType = image.png; path = "shop_normal@3x.png"; sourceTree = "<group>"; };
		233C664D1D62A17F00F8CDAE /* shop_select@2x.png */ = {isa = PBXFileReference; lastKnownFileType = image.png; path = "shop_select@2x.png"; sourceTree = "<group>"; };
		233C664E1D62A17F00F8CDAE /* shop_select@3x.png */ = {isa = PBXFileReference; lastKnownFileType = image.png; path = "shop_select@3x.png"; sourceTree = "<group>"; };
		233C66671D62A85700F8CDAE /* Const.swift */ = {isa = PBXFileReference; fileEncoding = 4; lastKnownFileType = sourcecode.swift; path = Const.swift; sourceTree = "<group>"; };
		233C666A1D62B9BD00F8CDAE /* nav_back_black.png */ = {isa = PBXFileReference; lastKnownFileType = image.png; path = nav_back_black.png; sourceTree = "<group>"; };
		233C666B1D62B9BD00F8CDAE /* nav_back_white.png */ = {isa = PBXFileReference; lastKnownFileType = image.png; path = nav_back_white.png; sourceTree = "<group>"; };
		233C666C1D62B9BD00F8CDAE /* navBar.png */ = {isa = PBXFileReference; lastKnownFileType = image.png; path = navBar.png; sourceTree = "<group>"; };
		233C666D1D62B9BD00F8CDAE /* navBtn_bag.png */ = {isa = PBXFileReference; lastKnownFileType = image.png; path = navBtn_bag.png; sourceTree = "<group>"; };
		233C666E1D62B9BD00F8CDAE /* saoyisao@2x.png */ = {isa = PBXFileReference; lastKnownFileType = image.png; path = "saoyisao@2x.png"; sourceTree = "<group>"; };
		233C666F1D62B9BD00F8CDAE /* saoyisao@3x.png */ = {isa = PBXFileReference; lastKnownFileType = image.png; path = "saoyisao@3x.png"; sourceTree = "<group>"; };
		233C66701D62B9BD00F8CDAE /* search@2x.png */ = {isa = PBXFileReference; lastKnownFileType = image.png; path = "search@2x.png"; sourceTree = "<group>"; };
		233C66711D62B9BD00F8CDAE /* search@3x.png */ = {isa = PBXFileReference; lastKnownFileType = image.png; path = "search@3x.png"; sourceTree = "<group>"; };
		233C667A1D62BD6900F8CDAE /* KTCDownloader.swift */ = {isa = PBXFileReference; fileEncoding = 4; lastKnownFileType = sourcecode.swift; path = KTCDownloader.swift; sourceTree = "<group>"; };
		233C66801D62C65500F8CDAE /* CBRecommendModel.swift */ = {isa = PBXFileReference; fileEncoding = 4; lastKnownFileType = sourcecode.swift; path = CBRecommendModel.swift; sourceTree = "<group>"; };
		237A38DF1D654B9500B4B3C1 /* Util.swift */ = {isa = PBXFileReference; fileEncoding = 4; lastKnownFileType = sourcecode.swift; path = Util.swift; sourceTree = "<group>"; };
		237A38E11D655ADC00B4B3C1 /* CBSearchHeaderView.swift */ = {isa = PBXFileReference; fileEncoding = 4; lastKnownFileType = sourcecode.swift; path = CBSearchHeaderView.swift; sourceTree = "<group>"; };
		237A38E51D65620200B4B3C1 /* search1.png */ = {isa = PBXFileReference; lastKnownFileType = image.png; path = search1.png; sourceTree = "<group>"; };
		237A38E71D65631F00B4B3C1 /* CBRedPacketCell.swift */ = {isa = PBXFileReference; fileEncoding = 4; lastKnownFileType = sourcecode.swift; path = CBRedPacketCell.swift; sourceTree = "<group>"; };
		237A38E81D65631F00B4B3C1 /* CBRedPacketCell.xib */ = {isa = PBXFileReference; fileEncoding = 4; lastKnownFileType = file.xib; path = CBRedPacketCell.xib; sourceTree = "<group>"; };
		2381EE351D6A905F008A512C /* CBSceneCell.swift */ = {isa = PBXFileReference; fileEncoding = 4; lastKnownFileType = sourcecode.swift; path = CBSceneCell.swift; sourceTree = "<group>"; };
		2381EE361D6A905F008A512C /* CBSceneCell.xib */ = {isa = PBXFileReference; fileEncoding = 4; lastKnownFileType = file.xib; path = CBSceneCell.xib; sourceTree = "<group>"; };
		2381EE391D6A9764008A512C /* CBTalentCell.swift */ = {isa = PBXFileReference; fileEncoding = 4; lastKnownFileType = sourcecode.swift; path = CBTalentCell.swift; sourceTree = "<group>"; };
		2381EE3A1D6A9764008A512C /* CBTalentCell.xib */ = {isa = PBXFileReference; fileEncoding = 4; lastKnownFileType = file.xib; path = CBTalentCell.xib; sourceTree = "<group>"; };
		2381EE3D1D6AA612008A512C /* CBWorksCell.swift */ = {isa = PBXFileReference; fileEncoding = 4; lastKnownFileType = sourcecode.swift; path = CBWorksCell.swift; sourceTree = "<group>"; };
		2381EE3E1D6AA612008A512C /* CBWorksCell.xib */ = {isa = PBXFileReference; fileEncoding = 4; lastKnownFileType = file.xib; path = CBWorksCell.xib; sourceTree = "<group>"; };
		239196E41D6BDAB300CCDAEE /* CBSubjectCell.swift */ = {isa = PBXFileReference; fileEncoding = 4; lastKnownFileType = sourcecode.swift; path = CBSubjectCell.swift; sourceTree = "<group>"; };
		239196E51D6BDAB300CCDAEE /* CBSubjectCell.xib */ = {isa = PBXFileReference; fileEncoding = 4; lastKnownFileType = file.xib; path = CBSubjectCell.xib; sourceTree = "<group>"; };
		239196EC1D6BEA3600CCDAEE /* CBMaterialModel.swift */ = {isa = PBXFileReference; fileEncoding = 4; lastKnownFileType = sourcecode.swift; path = CBMaterialModel.swift; sourceTree = "<group>"; };
		239196EE1D6BF6E800CCDAEE /* CBMaterialView.swift */ = {isa = PBXFileReference; fileEncoding = 4; lastKnownFileType = sourcecode.swift; path = CBMaterialView.swift; sourceTree = "<group>"; };
		239196F01D6BFC4E00CCDAEE /* KTCSegmentCtrl.swift */ = {isa = PBXFileReference; fileEncoding = 4; lastKnownFileType = sourcecode.swift; path = KTCSegmentCtrl.swift; sourceTree = "<group>"; };
		23B182CE1D66942D0055630D /* CBRecommendNewCell.swift */ = {isa = PBXFileReference; fileEncoding = 4; lastKnownFileType = sourcecode.swift; path = CBRecommendNewCell.swift; sourceTree = "<group>"; };
		23B182CF1D66942D0055630D /* CBRecommendNewCell.xib */ = {isa = PBXFileReference; fileEncoding = 4; lastKnownFileType = file.xib; path = CBRecommendNewCell.xib; sourceTree = "<group>"; };
		23B182D21D66993F0055630D /* play-A@2x.png */ = {isa = PBXFileReference; lastKnownFileType = image.png; path = "play-A@2x.png"; sourceTree = "<group>"; };
		23B182D31D66993F0055630D /* play-A@3x.png */ = {isa = PBXFileReference; lastKnownFileType = image.png; path = "play-A@3x.png"; sourceTree = "<group>"; };
		23B182D61D66AAF60055630D /* CBHeaderView.swift */ = {isa = PBXFileReference; fileEncoding = 4; lastKnownFileType = sourcecode.swift; path = CBHeaderView.swift; sourceTree = "<group>"; };
		23B182D81D66ADE70055630D /* more_icon.png */ = {isa = PBXFileReference; lastKnownFileType = image.png; path = more_icon.png; sourceTree = "<group>"; };
		23B182DA1D66B14B0055630D /* CBSpecialCell.swift */ = {isa = PBXFileReference; fileEncoding = 4; lastKnownFileType = sourcecode.swift; path = CBSpecialCell.swift; sourceTree = "<group>"; };
		23B182DB1D66B14B0055630D /* CBSpecialCell.xib */ = {isa = PBXFileReference; fileEncoding = 4; lastKnownFileType = file.xib; path = CBSpecialCell.xib; sourceTree = "<group>"; };
		23BD22761D63FB9D006272EC /* CBRecommendView.swift */ = {isa = PBXFileReference; fileEncoding = 4; lastKnownFileType = sourcecode.swift; path = CBRecommendView.swift; sourceTree = "<group>"; };
		23BD22781D63FF46006272EC /* CBRecommendADCell.swift */ = {isa = PBXFileReference; fileEncoding = 4; lastKnownFileType = sourcecode.swift; path = CBRecommendADCell.swift; sourceTree = "<group>"; };
		23BD22791D63FF46006272EC /* CBRecommendADCell.xib */ = {isa = PBXFileReference; fileEncoding = 4; lastKnownFileType = file.xib; path = CBRecommendADCell.xib; sourceTree = "<group>"; };
		23BD227C1D6407F5006272EC /* UIImageView+Util.swift */ = {isa = PBXFileReference; fileEncoding = 4; lastKnownFileType = sourcecode.swift; path = "UIImageView+Util.swift"; sourceTree = "<group>"; };
		23BD227F1D640A27006272EC /* sdefaultImage.png */ = {isa = PBXFileReference; lastKnownFileType = image.png; path = sdefaultImage.png; sourceTree = "<group>"; };
		23BD22811D64173C006272EC /* CBRecommendLikeCell.swift */ = {isa = PBXFileReference; fileEncoding = 4; lastKnownFileType = sourcecode.swift; path = CBRecommendLikeCell.swift; sourceTree = "<group>"; };
		23BD22821D64173C006272EC /* CBRecommendLikeCell.xib */ = {isa = PBXFileReference; fileEncoding = 4; lastKnownFileType = file.xib; path = CBRecommendLikeCell.xib; sourceTree = "<group>"; };
		83B180BBF4AB659A9FA79FC2 /* Pods-TestKitchen.debug.xcconfig */ = {isa = PBXFileReference; includeInIndex = 1; lastKnownFileType = text.xcconfig; name = "Pods-TestKitchen.debug.xcconfig"; path = "Pods/Target Support Files/Pods-TestKitchen/Pods-TestKitchen.debug.xcconfig"; sourceTree = "<group>"; };
		B2EF11C0404821435D7466CE /* Pods_TestKitchen.framework */ = {isa = PBXFileReference; explicitFileType = wrapper.framework; includeInIndex = 0; path = Pods_TestKitchen.framework; sourceTree = BUILT_PRODUCTS_DIR; };
		FD1DE23CE90EDF0F2A591C06 /* Pods-TestKitchen.release.xcconfig */ = {isa = PBXFileReference; includeInIndex = 1; lastKnownFileType = text.xcconfig; name = "Pods-TestKitchen.release.xcconfig"; path = "Pods/Target Support Files/Pods-TestKitchen/Pods-TestKitchen.release.xcconfig"; sourceTree = "<group>"; };
/* End PBXFileReference section */

/* Begin PBXFrameworksBuildPhase section */
		23150EB01D6151B50033B76B /* Frameworks */ = {
			isa = PBXFrameworksBuildPhase;
			buildActionMask = 2147483647;
			files = (
				180B32A13D302FE4E194E394 /* Pods_TestKitchen.framework in Frameworks */,
			);
			runOnlyForDeploymentPostprocessing = 0;
		};
		23150EC41D6151B50033B76B /* Frameworks */ = {
			isa = PBXFrameworksBuildPhase;
			buildActionMask = 2147483647;
			files = (
			);
			runOnlyForDeploymentPostprocessing = 0;
		};
		23150ECF1D6151B50033B76B /* Frameworks */ = {
			isa = PBXFrameworksBuildPhase;
			buildActionMask = 2147483647;
			files = (
			);
			runOnlyForDeploymentPostprocessing = 0;
		};
/* End PBXFrameworksBuildPhase section */

/* Begin PBXGroup section */
		23150EAA1D6151B50033B76B = {
			isa = PBXGroup;
			children = (
				23150EB51D6151B50033B76B /* TestKitchen */,
				23150ECA1D6151B50033B76B /* TestKitchenTests */,
				23150ED51D6151B50033B76B /* TestKitchenUITests */,
				23150EB41D6151B50033B76B /* Products */,
				CE9B82680293662EEAF7518D /* Pods */,
				5421F19704E2E1D2ECEC94CA /* Frameworks */,
			);
			sourceTree = "<group>";
		};
		23150EB41D6151B50033B76B /* Products */ = {
			isa = PBXGroup;
			children = (
				23150EB31D6151B50033B76B /* TestKitchen.app */,
				23150EC71D6151B50033B76B /* TestKitchenTests.xctest */,
				23150ED21D6151B50033B76B /* TestKitchenUITests.xctest */,
			);
			name = Products;
			sourceTree = "<group>";
		};
		23150EB51D6151B50033B76B /* TestKitchen */ = {
			isa = PBXGroup;
			children = (
				23150EE41D6153EB0033B76B /* resources */,
				23150EE51D6153EB0033B76B /* classes */,
				23150EB61D6151B50033B76B /* AppDelegate.swift */,
				23150EB81D6151B50033B76B /* ViewController.swift */,
				23150EBA1D6151B50033B76B /* Main.storyboard */,
				23150EBD1D6151B50033B76B /* Assets.xcassets */,
				23150EBF1D6151B50033B76B /* LaunchScreen.storyboard */,
				23150EC21D6151B50033B76B /* Info.plist */,
			);
			path = TestKitchen;
			sourceTree = "<group>";
		};
		23150ECA1D6151B50033B76B /* TestKitchenTests */ = {
			isa = PBXGroup;
			children = (
				23150ECB1D6151B50033B76B /* TestKitchenTests.swift */,
				23150ECD1D6151B50033B76B /* Info.plist */,
			);
			path = TestKitchenTests;
			sourceTree = "<group>";
		};
		23150ED51D6151B50033B76B /* TestKitchenUITests */ = {
			isa = PBXGroup;
			children = (
				23150ED61D6151B50033B76B /* TestKitchenUITests.swift */,
				23150ED81D6151B50033B76B /* Info.plist */,
			);
			path = TestKitchenUITests;
			sourceTree = "<group>";
		};
		23150EE41D6153EB0033B76B /* resources */ = {
			isa = PBXGroup;
			children = (
				237A38E31D65620200B4B3C1 /* Cookbook */,
				23BD227E1D640A27006272EC /* common */,
				233C66691D62B9BD00F8CDAE /* nav */,
				233C66361D62A17F00F8CDAE /* tabbar */,
				23150F011D61554F0033B76B /* launchImages */,
				23150F071D61554F0033B76B /* AppIcon */,
			);
			path = resources;
			sourceTree = "<group>";
		};
		23150EE51D6153EB0033B76B /* classes */ = {
			isa = PBXGroup;
			children = (
				23150EE61D6153EB0033B76B /* common */,
				23150EE71D6153EB0033B76B /* community */,
				23150EEC1D6153EB0033B76B /* cookbook */,
				23150EF11D6153EB0033B76B /* foodclass */,
				23150EF61D6153EB0033B76B /* mall */,
				23150EFB1D6153EB0033B76B /* profile */,
				23150F001D6153EB0033B76B /* thirdParty */,
			);
			path = classes;
			sourceTree = "<group>";
		};
		23150EE61D6153EB0033B76B /* common */ = {
			isa = PBXGroup;
			children = (
				23150F191D615A4F0033B76B /* MainTabBarController.swift */,
				23150F1B1D615ABD0033B76B /* BaseViewController.swift */,
				23150F271D6164200033B76B /* Ctrl.json */,
				23150F291D61730F0033B76B /* UIView+Util.swift */,
				23150F2B1D6173A80033B76B /* UILabel+Util.swift */,
				23150F2D1D6175180033B76B /* UIButton+Util.swift */,
				233C66671D62A85700F8CDAE /* Const.swift */,
				233C667A1D62BD6900F8CDAE /* KTCDownloader.swift */,
				23BD227C1D6407F5006272EC /* UIImageView+Util.swift */,
				237A38DF1D654B9500B4B3C1 /* Util.swift */,
				239196F01D6BFC4E00CCDAEE /* KTCSegmentCtrl.swift */,
			);
			path = common;
			sourceTree = "<group>";
		};
		23150EE71D6153EB0033B76B /* community */ = {
			isa = PBXGroup;
			children = (
				23150EE81D6153EB0033B76B /* homePage */,
			);
			path = community;
			sourceTree = "<group>";
		};
		23150EE81D6153EB0033B76B /* homePage */ = {
			isa = PBXGroup;
			children = (
				23150EE91D6153EB0033B76B /* controller */,
				23150EEA1D6153EB0033B76B /* model */,
				23150EEB1D6153EB0033B76B /* view */,
			);
			path = homePage;
			sourceTree = "<group>";
		};
		23150EE91D6153EB0033B76B /* controller */ = {
			isa = PBXGroup;
			children = (
				23150F1F1D615B390033B76B /* CommunityViewController.swift */,
			);
			path = controller;
			sourceTree = "<group>";
		};
		23150EEA1D6153EB0033B76B /* model */ = {
			isa = PBXGroup;
			children = (
			);
			path = model;
			sourceTree = "<group>";
		};
		23150EEB1D6153EB0033B76B /* view */ = {
			isa = PBXGroup;
			children = (
			);
			path = view;
			sourceTree = "<group>";
		};
		23150EEC1D6153EB0033B76B /* cookbook */ = {
			isa = PBXGroup;
			children = (
				239196E81D6BEA0800CCDAEE /* foodMaterial */,
				233C667C1D62C62200F8CDAE /* recommend */,
				23150EED1D6153EB0033B76B /* homePage */,
			);
			path = cookbook;
			sourceTree = "<group>";
		};
		23150EED1D6153EB0033B76B /* homePage */ = {
			isa = PBXGroup;
			children = (
				23150EEE1D6153EB0033B76B /* controller */,
				23150EEF1D6153EB0033B76B /* model */,
				23150EF01D6153EB0033B76B /* view */,
			);
			path = homePage;
			sourceTree = "<group>";
		};
		23150EEE1D6153EB0033B76B /* controller */ = {
			isa = PBXGroup;
			children = (
				23150F1D1D615B040033B76B /* CookBookViewController.swift */,
			);
			path = controller;
			sourceTree = "<group>";
		};
		23150EEF1D6153EB0033B76B /* model */ = {
			isa = PBXGroup;
			children = (
			);
			path = model;
			sourceTree = "<group>";
		};
		23150EF01D6153EB0033B76B /* view */ = {
			isa = PBXGroup;
			children = (
			);
			path = view;
			sourceTree = "<group>";
		};
		23150EF11D6153EB0033B76B /* foodclass */ = {
			isa = PBXGroup;
			children = (
				23150EF21D6153EB0033B76B /* homePage */,
			);
			path = foodclass;
			sourceTree = "<group>";
		};
		23150EF21D6153EB0033B76B /* homePage */ = {
			isa = PBXGroup;
			children = (
				23150EF31D6153EB0033B76B /* controller */,
				23150EF41D6153EB0033B76B /* model */,
				23150EF51D6153EB0033B76B /* view */,
			);
			path = homePage;
			sourceTree = "<group>";
		};
		23150EF31D6153EB0033B76B /* controller */ = {
			isa = PBXGroup;
			children = (
				23150F231D615B920033B76B /* FoodClassViewController.swift */,
			);
			path = controller;
			sourceTree = "<group>";
		};
		23150EF41D6153EB0033B76B /* model */ = {
			isa = PBXGroup;
			children = (
			);
			path = model;
			sourceTree = "<group>";
		};
		23150EF51D6153EB0033B76B /* view */ = {
			isa = PBXGroup;
			children = (
			);
			path = view;
			sourceTree = "<group>";
		};
		23150EF61D6153EB0033B76B /* mall */ = {
			isa = PBXGroup;
			children = (
				23150EF71D6153EB0033B76B /* homePage */,
			);
			path = mall;
			sourceTree = "<group>";
		};
		23150EF71D6153EB0033B76B /* homePage */ = {
			isa = PBXGroup;
			children = (
				23150EF81D6153EB0033B76B /* controller */,
				23150EF91D6153EB0033B76B /* model */,
				23150EFA1D6153EB0033B76B /* view */,
			);
			path = homePage;
			sourceTree = "<group>";
		};
		23150EF81D6153EB0033B76B /* controller */ = {
			isa = PBXGroup;
			children = (
				23150F211D615B620033B76B /* MallViewController.swift */,
			);
			path = controller;
			sourceTree = "<group>";
		};
		23150EF91D6153EB0033B76B /* model */ = {
			isa = PBXGroup;
			children = (
			);
			path = model;
			sourceTree = "<group>";
		};
		23150EFA1D6153EB0033B76B /* view */ = {
			isa = PBXGroup;
			children = (
			);
			path = view;
			sourceTree = "<group>";
		};
		23150EFB1D6153EB0033B76B /* profile */ = {
			isa = PBXGroup;
			children = (
				23150EFC1D6153EB0033B76B /* homePage */,
			);
			path = profile;
			sourceTree = "<group>";
		};
		23150EFC1D6153EB0033B76B /* homePage */ = {
			isa = PBXGroup;
			children = (
				23150EFD1D6153EB0033B76B /* controller */,
				23150EFE1D6153EB0033B76B /* model */,
				23150EFF1D6153EB0033B76B /* view */,
			);
			path = homePage;
			sourceTree = "<group>";
		};
		23150EFD1D6153EB0033B76B /* controller */ = {
			isa = PBXGroup;
			children = (
				23150F251D615BBC0033B76B /* ProfileViewController.swift */,
			);
			path = controller;
			sourceTree = "<group>";
		};
		23150EFE1D6153EB0033B76B /* model */ = {
			isa = PBXGroup;
			children = (
			);
			path = model;
			sourceTree = "<group>";
		};
		23150EFF1D6153EB0033B76B /* view */ = {
			isa = PBXGroup;
			children = (
			);
			path = view;
			sourceTree = "<group>";
		};
		23150F001D6153EB0033B76B /* thirdParty */ = {
			isa = PBXGroup;
			children = (
			);
			path = thirdParty;
			sourceTree = "<group>";
		};
		23150F011D61554F0033B76B /* launchImages */ = {
			isa = PBXGroup;
			children = (
				23150F021D61554F0033B76B /* LaunchImage-700-568h@2x.png */,
				23150F031D61554F0033B76B /* LaunchImage-700@2x.png */,
				23150F041D61554F0033B76B /* LaunchImage-800-667h@2x.png */,
				23150F051D61554F0033B76B /* LaunchImage-800-Landscape-736h@3x.png */,
				23150F061D61554F0033B76B /* LaunchImage-800-Portrait-736h@3x.png */,
			);
			path = launchImages;
			sourceTree = "<group>";
		};
		23150F071D61554F0033B76B /* AppIcon */ = {
			isa = PBXGroup;
			children = (
				23150F081D61554F0033B76B /* AppIcon29x29@2x.png */,
				23150F091D61554F0033B76B /* AppIcon29x29@3x.png */,
				23150F0A1D61554F0033B76B /* AppIcon40x40@2x.png */,
				23150F0B1D61554F0033B76B /* AppIcon40x40@3x.png */,
				23150F0C1D61554F0033B76B /* AppIcon60x60@2x.png */,
				23150F0D1D61554F0033B76B /* AppIcon60x60@3x.png */,
			);
			path = AppIcon;
			sourceTree = "<group>";
		};
		233C66361D62A17F00F8CDAE /* tabbar */ = {
			isa = PBXGroup;
			children = (
				233C66371D62A17F00F8CDAE /* community_normal@2x.png */,
				233C66381D62A17F00F8CDAE /* community_normal@3x.png */,
				233C66391D62A17F00F8CDAE /* community_select@2x.png */,
				233C663A1D62A17F00F8CDAE /* community_select@3x.png */,
				233C663B1D62A17F00F8CDAE /* home_normal@2x.png */,
				233C663C1D62A17F00F8CDAE /* home_normal@3x.png */,
				233C663D1D62A17F00F8CDAE /* home_select@2x.png */,
				233C663E1D62A17F00F8CDAE /* home_select@3x.png */,
				233C663F1D62A17F00F8CDAE /* mine_normal@2x.png */,
				233C66401D62A17F00F8CDAE /* mine_normal@3x.png */,
				233C66411D62A17F00F8CDAE /* mine_select@2x.png */,
				233C66421D62A17F00F8CDAE /* mine_select@3x.png */,
				233C66431D62A17F00F8CDAE /* report_normal@2x.png */,
				233C66441D62A17F00F8CDAE /* report_normal@3x.png */,
				233C66451D62A17F00F8CDAE /* report_select@2x.png */,
				233C66461D62A17F00F8CDAE /* report_select@3x.png */,
				233C66471D62A17F00F8CDAE /* shike_normal@2x.png */,
				233C66481D62A17F00F8CDAE /* shike_normal@3x.png */,
				233C66491D62A17F00F8CDAE /* shike_select@2x.png */,
				233C664A1D62A17F00F8CDAE /* shike_select@3x.png */,
				233C664B1D62A17F00F8CDAE /* shop_normal@2x.png */,
				233C664C1D62A17F00F8CDAE /* shop_normal@3x.png */,
				233C664D1D62A17F00F8CDAE /* shop_select@2x.png */,
				233C664E1D62A17F00F8CDAE /* shop_select@3x.png */,
			);
			path = tabbar;
			sourceTree = "<group>";
		};
		233C66691D62B9BD00F8CDAE /* nav */ = {
			isa = PBXGroup;
			children = (
				233C666A1D62B9BD00F8CDAE /* nav_back_black.png */,
				233C666B1D62B9BD00F8CDAE /* nav_back_white.png */,
				233C666C1D62B9BD00F8CDAE /* navBar.png */,
				233C666D1D62B9BD00F8CDAE /* navBtn_bag.png */,
				233C666E1D62B9BD00F8CDAE /* saoyisao@2x.png */,
				233C666F1D62B9BD00F8CDAE /* saoyisao@3x.png */,
				233C66701D62B9BD00F8CDAE /* search@2x.png */,
				233C66711D62B9BD00F8CDAE /* search@3x.png */,
			);
			path = nav;
			sourceTree = "<group>";
		};
		233C667C1D62C62200F8CDAE /* recommend */ = {
			isa = PBXGroup;
			children = (
				233C667D1D62C62200F8CDAE /* controller */,
				233C667E1D62C62200F8CDAE /* model */,
				233C667F1D62C62200F8CDAE /* view */,
			);
			path = recommend;
			sourceTree = "<group>";
		};
		233C667D1D62C62200F8CDAE /* controller */ = {
			isa = PBXGroup;
			children = (
			);
			path = controller;
			sourceTree = "<group>";
		};
		233C667E1D62C62200F8CDAE /* model */ = {
			isa = PBXGroup;
			children = (
				233C66801D62C65500F8CDAE /* CBRecommendModel.swift */,
			);
			path = model;
			sourceTree = "<group>";
		};
		233C667F1D62C62200F8CDAE /* view */ = {
			isa = PBXGroup;
			children = (
				23BD22761D63FB9D006272EC /* CBRecommendView.swift */,
				23BD22781D63FF46006272EC /* CBRecommendADCell.swift */,
				23BD22791D63FF46006272EC /* CBRecommendADCell.xib */,
				23BD22811D64173C006272EC /* CBRecommendLikeCell.swift */,
				23BD22821D64173C006272EC /* CBRecommendLikeCell.xib */,
				237A38E11D655ADC00B4B3C1 /* CBSearchHeaderView.swift */,
				237A38E71D65631F00B4B3C1 /* CBRedPacketCell.swift */,
				237A38E81D65631F00B4B3C1 /* CBRedPacketCell.xib */,
				23B182CE1D66942D0055630D /* CBRecommendNewCell.swift */,
				23B182CF1D66942D0055630D /* CBRecommendNewCell.xib */,
				23B182D61D66AAF60055630D /* CBHeaderView.swift */,
				23B182DA1D66B14B0055630D /* CBSpecialCell.swift */,
				23B182DB1D66B14B0055630D /* CBSpecialCell.xib */,
				2381EE351D6A905F008A512C /* CBSceneCell.swift */,
				2381EE361D6A905F008A512C /* CBSceneCell.xib */,
				2381EE391D6A9764008A512C /* CBTalentCell.swift */,
				2381EE3A1D6A9764008A512C /* CBTalentCell.xib */,
				2381EE3D1D6AA612008A512C /* CBWorksCell.swift */,
				2381EE3E1D6AA612008A512C /* CBWorksCell.xib */,
				239196E41D6BDAB300CCDAEE /* CBSubjectCell.swift */,
				239196E51D6BDAB300CCDAEE /* CBSubjectCell.xib */,
			);
			path = view;
			sourceTree = "<group>";
		};
		237A38E31D65620200B4B3C1 /* Cookbook */ = {
			isa = PBXGroup;
			children = (
				237A38E41D65620200B4B3C1 /* homePage */,
			);
			path = Cookbook;
			sourceTree = "<group>";
		};
		237A38E41D65620200B4B3C1 /* homePage */ = {
			isa = PBXGroup;
			children = (
				23B182D81D66ADE70055630D /* more_icon.png */,
				23B182D21D66993F0055630D /* play-A@2x.png */,
				23B182D31D66993F0055630D /* play-A@3x.png */,
				237A38E51D65620200B4B3C1 /* search1.png */,
			);
			path = homePage;
			sourceTree = "<group>";
		};
		239196E81D6BEA0800CCDAEE /* foodMaterial */ = {
			isa = PBXGroup;
			children = (
				239196E91D6BEA0800CCDAEE /* controller */,
				239196EA1D6BEA0800CCDAEE /* model */,
				239196EB1D6BEA0800CCDAEE /* vIew */,
			);
			path = foodMaterial;
			sourceTree = "<group>";
		};
		239196E91D6BEA0800CCDAEE /* controller */ = {
			isa = PBXGroup;
			children = (
			);
			path = controller;
			sourceTree = "<group>";
		};
		239196EA1D6BEA0800CCDAEE /* model */ = {
			isa = PBXGroup;
			children = (
				239196EC1D6BEA3600CCDAEE /* CBMaterialModel.swift */,
			);
			path = model;
			sourceTree = "<group>";
		};
		239196EB1D6BEA0800CCDAEE /* vIew */ = {
			isa = PBXGroup;
			children = (
				239196EE1D6BF6E800CCDAEE /* CBMaterialView.swift */,
			);
			path = vIew;
			sourceTree = "<group>";
		};
		23BD227E1D640A27006272EC /* common */ = {
			isa = PBXGroup;
			children = (
				23BD227F1D640A27006272EC /* sdefaultImage.png */,
			);
			path = common;
			sourceTree = "<group>";
		};
		5421F19704E2E1D2ECEC94CA /* Frameworks */ = {
			isa = PBXGroup;
			children = (
				B2EF11C0404821435D7466CE /* Pods_TestKitchen.framework */,
			);
			name = Frameworks;
			sourceTree = "<group>";
		};
		CE9B82680293662EEAF7518D /* Pods */ = {
			isa = PBXGroup;
			children = (
				83B180BBF4AB659A9FA79FC2 /* Pods-TestKitchen.debug.xcconfig */,
				FD1DE23CE90EDF0F2A591C06 /* Pods-TestKitchen.release.xcconfig */,
			);
			name = Pods;
			sourceTree = "<group>";
		};
/* End PBXGroup section */

/* Begin PBXNativeTarget section */
		23150EB21D6151B50033B76B /* TestKitchen */ = {
			isa = PBXNativeTarget;
			buildConfigurationList = 23150EDB1D6151B50033B76B /* Build configuration list for PBXNativeTarget "TestKitchen" */;
			buildPhases = (
				AAD25FA844362CB01D02F738 /* [CP] Check Pods Manifest.lock */,
				23150EAF1D6151B50033B76B /* Sources */,
				23150EB01D6151B50033B76B /* Frameworks */,
				23150EB11D6151B50033B76B /* Resources */,
				F65078D9B1368C17EFB55166 /* [CP] Embed Pods Frameworks */,
				A9057B305DB12B9A04C62A19 /* [CP] Copy Pods Resources */,
			);
			buildRules = (
			);
			dependencies = (
			);
			name = TestKitchen;
			productName = TestKitchen;
			productReference = 23150EB31D6151B50033B76B /* TestKitchen.app */;
			productType = "com.apple.product-type.application";
		};
		23150EC61D6151B50033B76B /* TestKitchenTests */ = {
			isa = PBXNativeTarget;
			buildConfigurationList = 23150EDE1D6151B50033B76B /* Build configuration list for PBXNativeTarget "TestKitchenTests" */;
			buildPhases = (
				23150EC31D6151B50033B76B /* Sources */,
				23150EC41D6151B50033B76B /* Frameworks */,
				23150EC51D6151B50033B76B /* Resources */,
			);
			buildRules = (
			);
			dependencies = (
				23150EC91D6151B50033B76B /* PBXTargetDependency */,
			);
			name = TestKitchenTests;
			productName = TestKitchenTests;
			productReference = 23150EC71D6151B50033B76B /* TestKitchenTests.xctest */;
			productType = "com.apple.product-type.bundle.unit-test";
		};
		23150ED11D6151B50033B76B /* TestKitchenUITests */ = {
			isa = PBXNativeTarget;
			buildConfigurationList = 23150EE11D6151B50033B76B /* Build configuration list for PBXNativeTarget "TestKitchenUITests" */;
			buildPhases = (
				23150ECE1D6151B50033B76B /* Sources */,
				23150ECF1D6151B50033B76B /* Frameworks */,
				23150ED01D6151B50033B76B /* Resources */,
			);
			buildRules = (
			);
			dependencies = (
				23150ED41D6151B50033B76B /* PBXTargetDependency */,
			);
			name = TestKitchenUITests;
			productName = TestKitchenUITests;
			productReference = 23150ED21D6151B50033B76B /* TestKitchenUITests.xctest */;
			productType = "com.apple.product-type.bundle.ui-testing";
		};
/* End PBXNativeTarget section */

/* Begin PBXProject section */
		23150EAB1D6151B50033B76B /* Project object */ = {
			isa = PBXProject;
			attributes = {
				LastSwiftUpdateCheck = 0730;
				LastUpgradeCheck = 0730;
				ORGANIZATIONNAME = "邓江洲";
				TargetAttributes = {
					23150EB21D6151B50033B76B = {
						CreatedOnToolsVersion = 7.3.1;
						DevelopmentTeam = 32JV4N2CEB;
					};
					23150EC61D6151B50033B76B = {
						CreatedOnToolsVersion = 7.3.1;
						DevelopmentTeam = 32JV4N2CEB;
						TestTargetID = 23150EB21D6151B50033B76B;
					};
					23150ED11D6151B50033B76B = {
						CreatedOnToolsVersion = 7.3.1;
						DevelopmentTeam = 32JV4N2CEB;
						TestTargetID = 23150EB21D6151B50033B76B;
					};
				};
			};
			buildConfigurationList = 23150EAE1D6151B50033B76B /* Build configuration list for PBXProject "TestKitchen" */;
			compatibilityVersion = "Xcode 3.2";
			developmentRegion = English;
			hasScannedForEncodings = 0;
			knownRegions = (
				en,
				Base,
			);
			mainGroup = 23150EAA1D6151B50033B76B;
			productRefGroup = 23150EB41D6151B50033B76B /* Products */;
			projectDirPath = "";
			projectRoot = "";
			targets = (
				23150EB21D6151B50033B76B /* TestKitchen */,
				23150EC61D6151B50033B76B /* TestKitchenTests */,
				23150ED11D6151B50033B76B /* TestKitchenUITests */,
			);
		};
/* End PBXProject section */

/* Begin PBXResourcesBuildPhase section */
		23150EB11D6151B50033B76B /* Resources */ = {
			isa = PBXResourcesBuildPhase;
			buildActionMask = 2147483647;
			files = (
				233C66761D62B9BD00F8CDAE /* saoyisao@2x.png in Resources */,
				23150EC11D6151B50033B76B /* LaunchScreen.storyboard in Resources */,
				233C66551D62A17F00F8CDAE /* home_select@2x.png in Resources */,
				233C664F1D62A17F00F8CDAE /* community_normal@2x.png in Resources */,
				23BD22841D64173C006272EC /* CBRecommendLikeCell.xib in Resources */,
				23150F151D61554F0033B76B /* AppIcon40x40@2x.png in Resources */,
				23B182D41D66993F0055630D /* play-A@2x.png in Resources */,
				233C66501D62A17F00F8CDAE /* community_normal@3x.png in Resources */,
				233C66631D62A17F00F8CDAE /* shop_normal@2x.png in Resources */,
				237A38EA1D65631F00B4B3C1 /* CBRedPacketCell.xib in Resources */,
				233C66721D62B9BD00F8CDAE /* nav_back_black.png in Resources */,
				233C66511D62A17F00F8CDAE /* community_select@2x.png in Resources */,
				23150F101D61554F0033B76B /* LaunchImage-800-667h@2x.png in Resources */,
				23150EBE1D6151B50033B76B /* Assets.xcassets in Resources */,
				233C66621D62A17F00F8CDAE /* shike_select@3x.png in Resources */,
				233C66731D62B9BD00F8CDAE /* nav_back_white.png in Resources */,
				233C66521D62A17F00F8CDAE /* community_select@3x.png in Resources */,
				23150F0F1D61554F0033B76B /* LaunchImage-700@2x.png in Resources */,
				23150F181D61554F0033B76B /* AppIcon60x60@3x.png in Resources */,
				23150F131D61554F0033B76B /* AppIcon29x29@2x.png in Resources */,
				233C665F1D62A17F00F8CDAE /* shike_normal@2x.png in Resources */,
				233C665A1D62A17F00F8CDAE /* mine_select@3x.png in Resources */,
				233C66641D62A17F00F8CDAE /* shop_normal@3x.png in Resources */,
				233C66781D62B9BD00F8CDAE /* search@2x.png in Resources */,
				233C665C1D62A17F00F8CDAE /* report_normal@3x.png in Resources */,
				233C66611D62A17F00F8CDAE /* shike_select@2x.png in Resources */,
				233C665B1D62A17F00F8CDAE /* report_normal@2x.png in Resources */,
				23B182D51D66993F0055630D /* play-A@3x.png in Resources */,
				233C665E1D62A17F00F8CDAE /* report_select@3x.png in Resources */,
				23150F121D61554F0033B76B /* LaunchImage-800-Portrait-736h@3x.png in Resources */,
				233C66751D62B9BD00F8CDAE /* navBtn_bag.png in Resources */,
				239196E71D6BDAB300CCDAEE /* CBSubjectCell.xib in Resources */,
				23B182D11D66942D0055630D /* CBRecommendNewCell.xib in Resources */,
				23150F0E1D61554F0033B76B /* LaunchImage-700-568h@2x.png in Resources */,
				2381EE3C1D6A9764008A512C /* CBTalentCell.xib in Resources */,
				23150EBC1D6151B50033B76B /* Main.storyboard in Resources */,
				237A38E61D65620200B4B3C1 /* search1.png in Resources */,
				23B182D91D66ADE70055630D /* more_icon.png in Resources */,
				23150F111D61554F0033B76B /* LaunchImage-800-Landscape-736h@3x.png in Resources */,
				233C66661D62A17F00F8CDAE /* shop_select@3x.png in Resources */,
				233C66581D62A17F00F8CDAE /* mine_normal@3x.png in Resources */,
				233C66571D62A17F00F8CDAE /* mine_normal@2x.png in Resources */,
				23150F171D61554F0033B76B /* AppIcon60x60@2x.png in Resources */,
				2381EE381D6A905F008A512C /* CBSceneCell.xib in Resources */,
				233C66741D62B9BD00F8CDAE /* navBar.png in Resources */,
				233C66651D62A17F00F8CDAE /* shop_select@2x.png in Resources */,
				23B182DD1D66B14B0055630D /* CBSpecialCell.xib in Resources */,
				233C66601D62A17F00F8CDAE /* shike_normal@3x.png in Resources */,
				2381EE401D6AA612008A512C /* CBWorksCell.xib in Resources */,
				233C66771D62B9BD00F8CDAE /* saoyisao@3x.png in Resources */,
				23BD22801D640A27006272EC /* sdefaultImage.png in Resources */,
				233C66541D62A17F00F8CDAE /* home_normal@3x.png in Resources */,
				233C66561D62A17F00F8CDAE /* home_select@3x.png in Resources */,
				233C66591D62A17F00F8CDAE /* mine_select@2x.png in Resources */,
				233C66531D62A17F00F8CDAE /* home_normal@2x.png in Resources */,
				23BD227B1D63FF46006272EC /* CBRecommendADCell.xib in Resources */,
				23150F141D61554F0033B76B /* AppIcon29x29@3x.png in Resources */,
				23150F281D6164200033B76B /* Ctrl.json in Resources */,
				233C665D1D62A17F00F8CDAE /* report_select@2x.png in Resources */,
				23150F161D61554F0033B76B /* AppIcon40x40@3x.png in Resources */,
				233C66791D62B9BD00F8CDAE /* search@3x.png in Resources */,
			);
			runOnlyForDeploymentPostprocessing = 0;
		};
		23150EC51D6151B50033B76B /* Resources */ = {
			isa = PBXResourcesBuildPhase;
			buildActionMask = 2147483647;
			files = (
			);
			runOnlyForDeploymentPostprocessing = 0;
		};
		23150ED01D6151B50033B76B /* Resources */ = {
			isa = PBXResourcesBuildPhase;
			buildActionMask = 2147483647;
			files = (
			);
			runOnlyForDeploymentPostprocessing = 0;
		};
/* End PBXResourcesBuildPhase section */

/* Begin PBXShellScriptBuildPhase section */
		A9057B305DB12B9A04C62A19 /* [CP] Copy Pods Resources */ = {
			isa = PBXShellScriptBuildPhase;
			buildActionMask = 2147483647;
			files = (
			);
			inputPaths = (
			);
			name = "[CP] Copy Pods Resources";
			outputPaths = (
			);
			runOnlyForDeploymentPostprocessing = 0;
			shellPath = /bin/sh;
			shellScript = "\"${SRCROOT}/Pods/Target Support Files/Pods-TestKitchen/Pods-TestKitchen-resources.sh\"\n";
			showEnvVarsInLog = 0;
		};
		AAD25FA844362CB01D02F738 /* [CP] Check Pods Manifest.lock */ = {
			isa = PBXShellScriptBuildPhase;
			buildActionMask = 2147483647;
			files = (
			);
			inputPaths = (
			);
			name = "[CP] Check Pods Manifest.lock";
			outputPaths = (
			);
			runOnlyForDeploymentPostprocessing = 0;
			shellPath = /bin/sh;
			shellScript = "diff \"${PODS_ROOT}/../Podfile.lock\" \"${PODS_ROOT}/Manifest.lock\" > /dev/null\nif [[ $? != 0 ]] ; then\n    cat << EOM\nerror: The sandbox is not in sync with the Podfile.lock. Run 'pod install' or update your CocoaPods installation.\nEOM\n    exit 1\nfi\n";
			showEnvVarsInLog = 0;
		};
		F65078D9B1368C17EFB55166 /* [CP] Embed Pods Frameworks */ = {
			isa = PBXShellScriptBuildPhase;
			buildActionMask = 2147483647;
			files = (
			);
			inputPaths = (
			);
			name = "[CP] Embed Pods Frameworks";
			outputPaths = (
			);
			runOnlyForDeploymentPostprocessing = 0;
			shellPath = /bin/sh;
			shellScript = "\"${SRCROOT}/Pods/Target Support Files/Pods-TestKitchen/Pods-TestKitchen-frameworks.sh\"\n";
			showEnvVarsInLog = 0;
		};
/* End PBXShellScriptBuildPhase section */

/* Begin PBXSourcesBuildPhase section */
		23150EAF1D6151B50033B76B /* Sources */ = {
			isa = PBXSourcesBuildPhase;
			buildActionMask = 2147483647;
			files = (
				23150EB91D6151B50033B76B /* ViewController.swift in Sources */,
				239196ED1D6BEA3600CCDAEE /* CBMaterialModel.swift in Sources */,
				23B182D01D66942D0055630D /* CBRecommendNewCell.swift in Sources */,
				23150F1C1D615ABD0033B76B /* BaseViewController.swift in Sources */,
				237A38E21D655ADC00B4B3C1 /* CBSearchHeaderView.swift in Sources */,
				23150F201D615B390033B76B /* CommunityViewController.swift in Sources */,
				23150F1E1D615B040033B76B /* CookBookViewController.swift in Sources */,
				23BD22831D64173C006272EC /* CBRecommendLikeCell.swift in Sources */,
				23B182DC1D66B14B0055630D /* CBSpecialCell.swift in Sources */,
				23150F221D615B620033B76B /* MallViewController.swift in Sources */,
				23150F2E1D6175180033B76B /* UIButton+Util.swift in Sources */,
				237A38E91D65631F00B4B3C1 /* CBRedPacketCell.swift in Sources */,
				237A38E01D654B9500B4B3C1 /* Util.swift in Sources */,
				23150F241D615B920033B76B /* FoodClassViewController.swift in Sources */,
				23150F2A1D61730F0033B76B /* UIView+Util.swift in Sources */,
				239196E61D6BDAB300CCDAEE /* CBSubjectCell.swift in Sources */,
				23150F261D615BBC0033B76B /* ProfileViewController.swift in Sources */,
				2381EE3F1D6AA612008A512C /* CBWorksCell.swift in Sources */,
				23150EB71D6151B50033B76B /* AppDelegate.swift in Sources */,
				23BD22771D63FB9D006272EC /* CBRecommendView.swift in Sources */,
				2381EE371D6A905F008A512C /* CBSceneCell.swift in Sources */,
				23150F1A1D615A4F0033B76B /* MainTabBarController.swift in Sources */,
				239196EF1D6BF6E800CCDAEE /* CBMaterialView.swift in Sources */,
				2381EE3B1D6A9764008A512C /* CBTalentCell.swift in Sources */,
				23BD227D1D6407F5006272EC /* UIImageView+Util.swift in Sources */,
				239196F11D6BFC4E00CCDAEE /* KTCSegmentCtrl.swift in Sources */,
				233C667B1D62BD6900F8CDAE /* KTCDownloader.swift in Sources */,
				23150F2C1D6173A80033B76B /* UILabel+Util.swift in Sources */,
				23BD227A1D63FF46006272EC /* CBRecommendADCell.swift in Sources */,
				233C66681D62A85700F8CDAE /* Const.swift in Sources */,
				23B182D71D66AAF60055630D /* CBHeaderView.swift in Sources */,
				233C66811D62C65500F8CDAE /* CBRecommendModel.swift in Sources */,
			);
			runOnlyForDeploymentPostprocessing = 0;
		};
		23150EC31D6151B50033B76B /* Sources */ = {
			isa = PBXSourcesBuildPhase;
			buildActionMask = 2147483647;
			files = (
				23150ECC1D6151B50033B76B /* TestKitchenTests.swift in Sources */,
			);
			runOnlyForDeploymentPostprocessing = 0;
		};
		23150ECE1D6151B50033B76B /* Sources */ = {
			isa = PBXSourcesBuildPhase;
			buildActionMask = 2147483647;
			files = (
				23150ED71D6151B50033B76B /* TestKitchenUITests.swift in Sources */,
			);
			runOnlyForDeploymentPostprocessing = 0;
		};
/* End PBXSourcesBuildPhase section */

/* Begin PBXTargetDependency section */
		23150EC91D6151B50033B76B /* PBXTargetDependency */ = {
			isa = PBXTargetDependency;
			target = 23150EB21D6151B50033B76B /* TestKitchen */;
			targetProxy = 23150EC81D6151B50033B76B /* PBXContainerItemProxy */;
		};
		23150ED41D6151B50033B76B /* PBXTargetDependency */ = {
			isa = PBXTargetDependency;
			target = 23150EB21D6151B50033B76B /* TestKitchen */;
			targetProxy = 23150ED31D6151B50033B76B /* PBXContainerItemProxy */;
		};
/* End PBXTargetDependency section */

/* Begin PBXVariantGroup section */
		23150EBA1D6151B50033B76B /* Main.storyboard */ = {
			isa = PBXVariantGroup;
			children = (
				23150EBB1D6151B50033B76B /* Base */,
			);
			name = Main.storyboard;
			sourceTree = "<group>";
		};
		23150EBF1D6151B50033B76B /* LaunchScreen.storyboard */ = {
			isa = PBXVariantGroup;
			children = (
				23150EC01D6151B50033B76B /* Base */,
			);
			name = LaunchScreen.storyboard;
			sourceTree = "<group>";
		};
/* End PBXVariantGroup section */

/* Begin XCBuildConfiguration section */
		23150ED91D6151B50033B76B /* Debug */ = {
			isa = XCBuildConfiguration;
			buildSettings = {
				ALWAYS_SEARCH_USER_PATHS = NO;
				CLANG_ANALYZER_NONNULL = YES;
				CLANG_CXX_LANGUAGE_STANDARD = "gnu++0x";
				CLANG_CXX_LIBRARY = "libc++";
				CLANG_ENABLE_MODULES = YES;
				CLANG_ENABLE_OBJC_ARC = YES;
				CLANG_WARN_BOOL_CONVERSION = YES;
				CLANG_WARN_CONSTANT_CONVERSION = YES;
				CLANG_WARN_DIRECT_OBJC_ISA_USAGE = YES_ERROR;
				CLANG_WARN_EMPTY_BODY = YES;
				CLANG_WARN_ENUM_CONVERSION = YES;
				CLANG_WARN_INT_CONVERSION = YES;
				CLANG_WARN_OBJC_ROOT_CLASS = YES_ERROR;
				CLANG_WARN_UNREACHABLE_CODE = YES;
				CLANG_WARN__DUPLICATE_METHOD_MATCH = YES;
				"CODE_SIGN_IDENTITY[sdk=iphoneos*]" = "iPhone Developer";
				COPY_PHASE_STRIP = NO;
				DEBUG_INFORMATION_FORMAT = dwarf;
				ENABLE_STRICT_OBJC_MSGSEND = YES;
				ENABLE_TESTABILITY = YES;
				GCC_C_LANGUAGE_STANDARD = gnu99;
				GCC_DYNAMIC_NO_PIC = NO;
				GCC_NO_COMMON_BLOCKS = YES;
				GCC_OPTIMIZATION_LEVEL = 0;
				GCC_PREPROCESSOR_DEFINITIONS = (
					"DEBUG=1",
					"$(inherited)",
				);
				GCC_WARN_64_TO_32_BIT_CONVERSION = YES;
				GCC_WARN_ABOUT_RETURN_TYPE = YES_ERROR;
				GCC_WARN_UNDECLARED_SELECTOR = YES;
				GCC_WARN_UNINITIALIZED_AUTOS = YES_AGGRESSIVE;
				GCC_WARN_UNUSED_FUNCTION = YES;
				GCC_WARN_UNUSED_VARIABLE = YES;
				IPHONEOS_DEPLOYMENT_TARGET = 9.3;
				MTL_ENABLE_DEBUG_INFO = YES;
				ONLY_ACTIVE_ARCH = YES;
				SDKROOT = iphoneos;
				SWIFT_OPTIMIZATION_LEVEL = "-Onone";
			};
			name = Debug;
		};
		23150EDA1D6151B50033B76B /* Release */ = {
			isa = XCBuildConfiguration;
			buildSettings = {
				ALWAYS_SEARCH_USER_PATHS = NO;
				CLANG_ANALYZER_NONNULL = YES;
				CLANG_CXX_LANGUAGE_STANDARD = "gnu++0x";
				CLANG_CXX_LIBRARY = "libc++";
				CLANG_ENABLE_MODULES = YES;
				CLANG_ENABLE_OBJC_ARC = YES;
				CLANG_WARN_BOOL_CONVERSION = YES;
				CLANG_WARN_CONSTANT_CONVERSION = YES;
				CLANG_WARN_DIRECT_OBJC_ISA_USAGE = YES_ERROR;
				CLANG_WARN_EMPTY_BODY = YES;
				CLANG_WARN_ENUM_CONVERSION = YES;
				CLANG_WARN_INT_CONVERSION = YES;
				CLANG_WARN_OBJC_ROOT_CLASS = YES_ERROR;
				CLANG_WARN_UNREACHABLE_CODE = YES;
				CLANG_WARN__DUPLICATE_METHOD_MATCH = YES;
				"CODE_SIGN_IDENTITY[sdk=iphoneos*]" = "iPhone Developer";
				COPY_PHASE_STRIP = NO;
				DEBUG_INFORMATION_FORMAT = "dwarf-with-dsym";
				ENABLE_NS_ASSERTIONS = NO;
				ENABLE_STRICT_OBJC_MSGSEND = YES;
				GCC_C_LANGUAGE_STANDARD = gnu99;
				GCC_NO_COMMON_BLOCKS = YES;
				GCC_WARN_64_TO_32_BIT_CONVERSION = YES;
				GCC_WARN_ABOUT_RETURN_TYPE = YES_ERROR;
				GCC_WARN_UNDECLARED_SELECTOR = YES;
				GCC_WARN_UNINITIALIZED_AUTOS = YES_AGGRESSIVE;
				GCC_WARN_UNUSED_FUNCTION = YES;
				GCC_WARN_UNUSED_VARIABLE = YES;
				IPHONEOS_DEPLOYMENT_TARGET = 9.3;
				MTL_ENABLE_DEBUG_INFO = NO;
				SDKROOT = iphoneos;
				VALIDATE_PRODUCT = YES;
			};
			name = Release;
		};
		23150EDC1D6151B50033B76B /* Debug */ = {
			isa = XCBuildConfiguration;
			baseConfigurationReference = 83B180BBF4AB659A9FA79FC2 /* Pods-TestKitchen.debug.xcconfig */;
			buildSettings = {
				ASSETCATALOG_COMPILER_APPICON_NAME = AppIcon;
				ASSETCATALOG_COMPILER_LAUNCHIMAGE_NAME = LaunchImage;
				INFOPLIST_FILE = TestKitchen/Info.plist;
				IPHONEOS_DEPLOYMENT_TARGET = 9.0;
				LD_RUNPATH_SEARCH_PATHS = "$(inherited) @executable_path/Frameworks";
				PRODUCT_BUNDLE_IDENTIFIER = apple1000Phone.TestKitchen;
				PRODUCT_NAME = "$(TARGET_NAME)";
			};
			name = Debug;
		};
		23150EDD1D6151B50033B76B /* Release */ = {
			isa = XCBuildConfiguration;
			baseConfigurationReference = FD1DE23CE90EDF0F2A591C06 /* Pods-TestKitchen.release.xcconfig */;
			buildSettings = {
				ASSETCATALOG_COMPILER_APPICON_NAME = AppIcon;
				ASSETCATALOG_COMPILER_LAUNCHIMAGE_NAME = LaunchImage;
				INFOPLIST_FILE = TestKitchen/Info.plist;
				IPHONEOS_DEPLOYMENT_TARGET = 9.0;
				LD_RUNPATH_SEARCH_PATHS = "$(inherited) @executable_path/Frameworks";
				PRODUCT_BUNDLE_IDENTIFIER = apple1000Phone.TestKitchen;
				PRODUCT_NAME = "$(TARGET_NAME)";
			};
			name = Release;
		};
		23150EDF1D6151B50033B76B /* Debug */ = {
			isa = XCBuildConfiguration;
			buildSettings = {
				BUNDLE_LOADER = "$(TEST_HOST)";
				INFOPLIST_FILE = TestKitchenTests/Info.plist;
				LD_RUNPATH_SEARCH_PATHS = "$(inherited) @executable_path/Frameworks @loader_path/Frameworks";
				PRODUCT_BUNDLE_IDENTIFIER = apple1000Phone.TestKitchenTests;
				PRODUCT_NAME = "$(TARGET_NAME)";
				TEST_HOST = "$(BUILT_PRODUCTS_DIR)/TestKitchen.app/TestKitchen";
			};
			name = Debug;
		};
		23150EE01D6151B50033B76B /* Release */ = {
			isa = XCBuildConfiguration;
			buildSettings = {
				BUNDLE_LOADER = "$(TEST_HOST)";
				INFOPLIST_FILE = TestKitchenTests/Info.plist;
				LD_RUNPATH_SEARCH_PATHS = "$(inherited) @executable_path/Frameworks @loader_path/Frameworks";
				PRODUCT_BUNDLE_IDENTIFIER = apple1000Phone.TestKitchenTests;
				PRODUCT_NAME = "$(TARGET_NAME)";
				TEST_HOST = "$(BUILT_PRODUCTS_DIR)/TestKitchen.app/TestKitchen";
			};
			name = Release;
		};
		23150EE21D6151B50033B76B /* Debug */ = {
			isa = XCBuildConfiguration;
			buildSettings = {
				INFOPLIST_FILE = TestKitchenUITests/Info.plist;
				LD_RUNPATH_SEARCH_PATHS = "$(inherited) @executable_path/Frameworks @loader_path/Frameworks";
				PRODUCT_BUNDLE_IDENTIFIER = apple1000Phone.TestKitchenUITests;
				PRODUCT_NAME = "$(TARGET_NAME)";
				TEST_TARGET_NAME = TestKitchen;
			};
			name = Debug;
		};
		23150EE31D6151B50033B76B /* Release */ = {
			isa = XCBuildConfiguration;
			buildSettings = {
				INFOPLIST_FILE = TestKitchenUITests/Info.plist;
				LD_RUNPATH_SEARCH_PATHS = "$(inherited) @executable_path/Frameworks @loader_path/Frameworks";
				PRODUCT_BUNDLE_IDENTIFIER = apple1000Phone.TestKitchenUITests;
				PRODUCT_NAME = "$(TARGET_NAME)";
				TEST_TARGET_NAME = TestKitchen;
			};
			name = Release;
		};
/* End XCBuildConfiguration section */

/* Begin XCConfigurationList section */
		23150EAE1D6151B50033B76B /* Build configuration list for PBXProject "TestKitchen" */ = {
			isa = XCConfigurationList;
			buildConfigurations = (
				23150ED91D6151B50033B76B /* Debug */,
				23150EDA1D6151B50033B76B /* Release */,
			);
			defaultConfigurationIsVisible = 0;
			defaultConfigurationName = Release;
		};
		23150EDB1D6151B50033B76B /* Build configuration list for PBXNativeTarget "TestKitchen" */ = {
			isa = XCConfigurationList;
			buildConfigurations = (
				23150EDC1D6151B50033B76B /* Debug */,
				23150EDD1D6151B50033B76B /* Release */,
			);
			defaultConfigurationIsVisible = 0;
			defaultConfigurationName = Release;
		};
		23150EDE1D6151B50033B76B /* Build configuration list for PBXNativeTarget "TestKitchenTests" */ = {
			isa = XCConfigurationList;
			buildConfigurations = (
				23150EDF1D6151B50033B76B /* Debug */,
				23150EE01D6151B50033B76B /* Release */,
			);
			defaultConfigurationIsVisible = 0;
			defaultConfigurationName = Release;
		};
		23150EE11D6151B50033B76B /* Build configuration list for PBXNativeTarget "TestKitchenUITests" */ = {
			isa = XCConfigurationList;
			buildConfigurations = (
				23150EE21D6151B50033B76B /* Debug */,
				23150EE31D6151B50033B76B /* Release */,
			);
			defaultConfigurationIsVisible = 0;
			defaultConfigurationName = Release;
		};
/* End XCConfigurationList section */
	};
	rootObject = 23150EAB1D6151B50033B76B /* Project object */;
}
